// !$*UTF8*$!
{
	archiveVersion = 1;
	classes = {
	};
	objectVersion = 46;
	objects = {

/* Begin PBXBuildFile section */
		0407B2301CB3B451008EE9F0 /* Readme in Resources */ = {isa = PBXBuildFile; fileRef = 0407B22F1CB3B451008EE9F0 /* Readme */; };
		0407B2741CB3B541008EE9F0 /* Readme in Resources */ = {isa = PBXBuildFile; fileRef = 0407B2731CB3B541008EE9F0 /* Readme */; };
		0407B2761CB3B55D008EE9F0 /* Readme in Resources */ = {isa = PBXBuildFile; fileRef = 0407B2751CB3B55D008EE9F0 /* Readme */; };
		0407B2781CB3B574008EE9F0 /* Readme in Resources */ = {isa = PBXBuildFile; fileRef = 0407B2771CB3B574008EE9F0 /* Readme */; };
		0407B27A1CB3B592008EE9F0 /* Readme in Resources */ = {isa = PBXBuildFile; fileRef = 0407B2791CB3B592008EE9F0 /* Readme */; };
		0407B27C1CB3B59D008EE9F0 /* Readme in Resources */ = {isa = PBXBuildFile; fileRef = 0407B27B1CB3B59D008EE9F0 /* Readme */; };
		0407B27E1CB3B5A6008EE9F0 /* Readme in Resources */ = {isa = PBXBuildFile; fileRef = 0407B27D1CB3B5A6008EE9F0 /* Readme */; };
		0407B2801CB3B5B5008EE9F0 /* Readme in Resources */ = {isa = PBXBuildFile; fileRef = 0407B27F1CB3B5B5008EE9F0 /* Readme */; };
		0407B2821CB3B5C7008EE9F0 /* Readme in Resources */ = {isa = PBXBuildFile; fileRef = 0407B2811CB3B5C7008EE9F0 /* Readme */; };
		0407B2841CB3B5D2008EE9F0 /* Readme in Resources */ = {isa = PBXBuildFile; fileRef = 0407B2831CB3B5D2008EE9F0 /* Readme */; };
		0407B2861CB3B5E1008EE9F0 /* Readme in Resources */ = {isa = PBXBuildFile; fileRef = 0407B2851CB3B5E1008EE9F0 /* Readme */; };
		0407B2881CB3B5ED008EE9F0 /* Readme in Resources */ = {isa = PBXBuildFile; fileRef = 0407B2871CB3B5ED008EE9F0 /* Readme */; };
		0407B28A1CB3B5F9008EE9F0 /* Readme in Resources */ = {isa = PBXBuildFile; fileRef = 0407B2891CB3B5F9008EE9F0 /* Readme */; };
		0407B28C1CB3B606008EE9F0 /* Readme in Resources */ = {isa = PBXBuildFile; fileRef = 0407B28B1CB3B606008EE9F0 /* Readme */; };
		0407B28E1CB3B612008EE9F0 /* Readme in Resources */ = {isa = PBXBuildFile; fileRef = 0407B28D1CB3B612008EE9F0 /* Readme */; };
		0407B2901CB3B61D008EE9F0 /* Readme in Resources */ = {isa = PBXBuildFile; fileRef = 0407B28F1CB3B61D008EE9F0 /* Readme */; };
		0407B2921CB3B628008EE9F0 /* Readme in Resources */ = {isa = PBXBuildFile; fileRef = 0407B2911CB3B628008EE9F0 /* Readme */; };
		0407B2941CB3B635008EE9F0 /* Readme in Resources */ = {isa = PBXBuildFile; fileRef = 0407B2931CB3B635008EE9F0 /* Readme */; };
		0407B2961CB3B642008EE9F0 /* Readme in Resources */ = {isa = PBXBuildFile; fileRef = 0407B2951CB3B642008EE9F0 /* Readme */; };
		0407B2981CB3B64D008EE9F0 /* Readme in Resources */ = {isa = PBXBuildFile; fileRef = 0407B2971CB3B64D008EE9F0 /* Readme */; };
		0407B29A1CB3B657008EE9F0 /* Readme in Resources */ = {isa = PBXBuildFile; fileRef = 0407B2991CB3B657008EE9F0 /* Readme */; };
		0409A8B81CE2AACA005C864A /* Podfile in Resources */ = {isa = PBXBuildFile; fileRef = 0409A8B71CE2AACA005C864A /* Podfile */; };
		041038E81CC8BD6800DA326D /* IndexTableViewController.swift in Sources */ = {isa = PBXBuildFile; fileRef = 041038E71CC8BD6800DA326D /* IndexTableViewController.swift */; };
		041038EA1CC8BEB100DA326D /* IndexList.swift in Sources */ = {isa = PBXBuildFile; fileRef = 041038E91CC8BEB100DA326D /* IndexList.swift */; };
		041038EC1CC8BEC900DA326D /* IndexTableViewCell.swift in Sources */ = {isa = PBXBuildFile; fileRef = 041038EB1CC8BEC900DA326D /* IndexTableViewCell.swift */; };
		0410D0051CC0F6A8007A9160 /* HttpY.swift in Sources */ = {isa = PBXBuildFile; fileRef = 0410D0041CC0F6A8007A9160 /* HttpY.swift */; };
		041159671CBFF2B000BC78D1 /* MineMainTableViewController.swift in Sources */ = {isa = PBXBuildFile; fileRef = 041159661CBFF2B000BC78D1 /* MineMainTableViewController.swift */; };
		041B02811CC6109F0050E84C /* ChannelRateTableViewController.swift in Sources */ = {isa = PBXBuildFile; fileRef = 041B02801CC6109F0050E84C /* ChannelRateTableViewController.swift */; };
		041B02831CC610BC0050E84C /* RateList.swift in Sources */ = {isa = PBXBuildFile; fileRef = 041B02821CC610BC0050E84C /* RateList.swift */; };
		041B02851CC610DD0050E84C /* ChannelRateTableViewCell.swift in Sources */ = {isa = PBXBuildFile; fileRef = 041B02841CC610DD0050E84C /* ChannelRateTableViewCell.swift */; };
		041B02871CC62A790050E84C /* AboutTableViewController.swift in Sources */ = {isa = PBXBuildFile; fileRef = 041B02861CC62A790050E84C /* AboutTableViewController.swift */; };
		041B02891CC62A8D0050E84C /* AboutList.swift in Sources */ = {isa = PBXBuildFile; fileRef = 041B02881CC62A8D0050E84C /* AboutList.swift */; };
		041B028B1CC62AA10050E84C /* AboutTableViewCell.swift in Sources */ = {isa = PBXBuildFile; fileRef = 041B028A1CC62AA10050E84C /* AboutTableViewCell.swift */; };
		041E834A1CE74CEE00AD7CBA /* AnalysisViewController.swift in Sources */ = {isa = PBXBuildFile; fileRef = 041E83491CE74CEE00AD7CBA /* AnalysisViewController.swift */; };
		041E834C1CE74D2F00AD7CBA /* AnalysisList.swift in Sources */ = {isa = PBXBuildFile; fileRef = 041E834B1CE74D2F00AD7CBA /* AnalysisList.swift */; };
		041E834E1CE74D5400AD7CBA /* AnalysisTableViewCell.swift in Sources */ = {isa = PBXBuildFile; fileRef = 041E834D1CE74D5400AD7CBA /* AnalysisTableViewCell.swift */; };
		0422BE841CC0709700684F45 /* MineTableViewCell.swift in Sources */ = {isa = PBXBuildFile; fileRef = 0422BE831CC0709700684F45 /* MineTableViewCell.swift */; };
		0422BE861CC070CD00684F45 /*  MineList.swift in Sources */ = {isa = PBXBuildFile; fileRef = 0422BE851CC070CD00684F45 /*  MineList.swift */; };
		042581F31CE0C20600CA5A0F /* OrderList.swift in Sources */ = {isa = PBXBuildFile; fileRef = 042581F21CE0C20600CA5A0F /* OrderList.swift */; };
		0426358C1CC5C05C00BB9A44 /* SafeCenterTableViewController.swift in Sources */ = {isa = PBXBuildFile; fileRef = 0426358B1CC5C05C00BB9A44 /* SafeCenterTableViewController.swift */; };
		0426358E1CC5C09500BB9A44 /* SafeList.swift in Sources */ = {isa = PBXBuildFile; fileRef = 0426358D1CC5C09500BB9A44 /* SafeList.swift */; };
		042635901CC5C0AF00BB9A44 /* SafeCenterTableViewCell.swift in Sources */ = {isa = PBXBuildFile; fileRef = 0426358F1CC5C0AF00BB9A44 /* SafeCenterTableViewCell.swift */; };
		042635921CC5C86B00BB9A44 /* UpdatePasswordViewController.swift in Sources */ = {isa = PBXBuildFile; fileRef = 042635911CC5C86B00BB9A44 /* UpdatePasswordViewController.swift */; };
		042635941CC5D52B00BB9A44 /* LoginLogTableViewController.swift in Sources */ = {isa = PBXBuildFile; fileRef = 042635931CC5D52B00BB9A44 /* LoginLogTableViewController.swift */; };
		042635961CC5D55600BB9A44 /* LoginLogTableViewCell.swift in Sources */ = {isa = PBXBuildFile; fileRef = 042635951CC5D55600BB9A44 /* LoginLogTableViewCell.swift */; };
		042635981CC5D56700BB9A44 /* LogList.swift in Sources */ = {isa = PBXBuildFile; fileRef = 042635971CC5D56700BB9A44 /* LogList.swift */; };
		0434C7B81CE062B500A3B54E /* CardViewController.swift in Sources */ = {isa = PBXBuildFile; fileRef = 0434C7B71CE062B500A3B54E /* CardViewController.swift */; };
		046B958E1CE56DA3000CE2D2 /* ConsignTableViewController.swift in Sources */ = {isa = PBXBuildFile; fileRef = 046B958D1CE56DA3000CE2D2 /* ConsignTableViewController.swift */; };
		046B95901CE573B9000CE2D2 /* ConsignTableViewCell.swift in Sources */ = {isa = PBXBuildFile; fileRef = 046B958F1CE573B9000CE2D2 /* ConsignTableViewCell.swift */; };
		04824E411CBA930B00B03234 /* ForgetPasswordViewController.swift in Sources */ = {isa = PBXBuildFile; fileRef = 04824E401CBA930B00B03234 /* ForgetPasswordViewController.swift */; };
		04824E431CBA9DB300B03234 /* ForgetPasswordSetViewController.swift in Sources */ = {isa = PBXBuildFile; fileRef = 04824E421CBA9DB300B03234 /* ForgetPasswordSetViewController.swift */; };
		04827DAC1CB3AC5100E51DEE /* AppDelegate.swift in Sources */ = {isa = PBXBuildFile; fileRef = 04827DAB1CB3AC5100E51DEE /* AppDelegate.swift */; };
		04827DAE1CB3AC5100E51DEE /* ViewController.swift in Sources */ = {isa = PBXBuildFile; fileRef = 04827DAD1CB3AC5100E51DEE /* ViewController.swift */; };
		04827DB11CB3AC5100E51DEE /* Main.storyboard in Resources */ = {isa = PBXBuildFile; fileRef = 04827DAF1CB3AC5100E51DEE /* Main.storyboard */; };
		04827DB31CB3AC5100E51DEE /* Assets.xcassets in Resources */ = {isa = PBXBuildFile; fileRef = 04827DB21CB3AC5100E51DEE /* Assets.xcassets */; };
		04827DB61CB3AC5100E51DEE /* LaunchScreen.storyboard in Resources */ = {isa = PBXBuildFile; fileRef = 04827DB41CB3AC5100E51DEE /* LaunchScreen.storyboard */; };
		048458B41CE3313F00B4A22A /* ZHDropDownMenu.swift in Sources */ = {isa = PBXBuildFile; fileRef = 048458B31CE3313F00B4A22A /* ZHDropDownMenu.swift */; };
		048524871CB6799400303D4E /* LoginViewController.swift in Sources */ = {isa = PBXBuildFile; fileRef = 048524861CB6799400303D4E /* LoginViewController.swift */; };
		048E2ED51CEC643B00311D3B /* InfoList.swift in Sources */ = {isa = PBXBuildFile; fileRef = 048E2ED41CEC643B00311D3B /* InfoList.swift */; };
		048E2ED71CEC646A00311D3B /* InfoTableViewCell.swift in Sources */ = {isa = PBXBuildFile; fileRef = 048E2ED61CEC646A00311D3B /* InfoTableViewCell.swift */; };
		048E2ED91CEC671D00311D3B /* InfomationTableViewController.swift in Sources */ = {isa = PBXBuildFile; fileRef = 048E2ED81CEC671D00311D3B /* InfomationTableViewController.swift */; };
		048E2EDB1CEC734700311D3B /* FinanceTableViewController.swift in Sources */ = {isa = PBXBuildFile; fileRef = 048E2EDA1CEC734700311D3B /* FinanceTableViewController.swift */; };
		048E2EDD1CEC735900311D3B /* FinanceList.swift in Sources */ = {isa = PBXBuildFile; fileRef = 048E2EDC1CEC735900311D3B /* FinanceList.swift */; };
		048E2EDF1CEC736A00311D3B /* FinanceTableViewCell.swift in Sources */ = {isa = PBXBuildFile; fileRef = 048E2EDE1CEC736A00311D3B /* FinanceTableViewCell.swift */; };
		04B72DC31CE1893200CAC33B /* OrdersTableViewCell.swift in Sources */ = {isa = PBXBuildFile; fileRef = 04B72DC11CE1893200CAC33B /* OrdersTableViewCell.swift */; };
		04C209131CCB1C30006C35A8 /* WebViewController.swift in Sources */ = {isa = PBXBuildFile; fileRef = 04C209121CCB1C30006C35A8 /* WebViewController.swift */; };
		04C209151CCB200D006C35A8 /* WebTableViewController.swift in Sources */ = {isa = PBXBuildFile; fileRef = 04C209141CCB200D006C35A8 /* WebTableViewController.swift */; };
		04C209191CCB2034006C35A8 /* WebTableViewCell.swift in Sources */ = {isa = PBXBuildFile; fileRef = 04C209181CCB2034006C35A8 /* WebTableViewCell.swift */; };
		04CCCC5A1CBC86460030D494 /* MainTabbarViewController.swift in Sources */ = {isa = PBXBuildFile; fileRef = 04CCCC591CBC86460030D494 /* MainTabbarViewController.swift */; };
		04CCCC5C1CBCC3BE0030D494 /* Http.swift in Sources */ = {isa = PBXBuildFile; fileRef = 04CCCC5B1CBCC3BE0030D494 /* Http.swift */; };
		04DC388F1CE46E8F00C78A2C /* ConsignOrderViewController.swift in Sources */ = {isa = PBXBuildFile; fileRef = 04DC388E1CE46E8F00C78A2C /* ConsignOrderViewController.swift */; };
		04E488291CC86ED500D75D66 /* NoticeTableViewController.swift in Sources */ = {isa = PBXBuildFile; fileRef = 04E488281CC86ED500D75D66 /* NoticeTableViewController.swift */; };
		04E4882B1CC86EF200D75D66 /* NoticeList.swift in Sources */ = {isa = PBXBuildFile; fileRef = 04E4882A1CC86EF200D75D66 /* NoticeList.swift */; };
		04E4882D1CC86F0C00D75D66 /* NoticeTableViewCell.swift in Sources */ = {isa = PBXBuildFile; fileRef = 04E4882C1CC86F0C00D75D66 /* NoticeTableViewCell.swift */; };
		04E808601CB8F022002DCA34 /* Url.swift in Sources */ = {isa = PBXBuildFile; fileRef = 04E8085F1CB8F022002DCA34 /* Url.swift */; };
		04E808621CB8F282002DCA34 /* Httpresult.swift in Sources */ = {isa = PBXBuildFile; fileRef = 04E808611CB8F282002DCA34 /* Httpresult.swift */; };
		04E808651CB8F512002DCA34 /* XKeyBoard.m in Sources */ = {isa = PBXBuildFile; fileRef = 04E808641CB8F512002DCA34 /* XKeyBoard.m */; };
		04E808691CB8F5CC002DCA34 /* JSONJoy.swift in Sources */ = {isa = PBXBuildFile; fileRef = 04E808681CB8F5CC002DCA34 /* JSONJoy.swift */; };
		04F02C731CC204B7007C366D /* InformationTableViewController.swift in Sources */ = {isa = PBXBuildFile; fileRef = 04F02C721CC204B7007C366D /* InformationTableViewController.swift */; };
		04F02C751CC2055B007C366D /* InformationList.swift in Sources */ = {isa = PBXBuildFile; fileRef = 04F02C741CC2055B007C366D /* InformationList.swift */; };
		04F02C771CC2057A007C366D /* InformationTableViewCell.swift in Sources */ = {isa = PBXBuildFile; fileRef = 04F02C761CC2057A007C366D /* InformationTableViewCell.swift */; };
		04F02C7B1CC23982007C366D /* AccountDataTableViewController.swift in Sources */ = {isa = PBXBuildFile; fileRef = 04F02C7A1CC23982007C366D /* AccountDataTableViewController.swift */; };
		04F02C7D1CC23994007C366D /* AccountDataList.swift in Sources */ = {isa = PBXBuildFile; fileRef = 04F02C7C1CC23994007C366D /* AccountDataList.swift */; };
		04F02C7F1CC239AF007C366D /* AccountDataTableViewCell.swift in Sources */ = {isa = PBXBuildFile; fileRef = 04F02C7E1CC239AF007C366D /* AccountDataTableViewCell.swift */; };
		04FDA7AD1CB5F4910053F5B3 /* Readme in Resources */ = {isa = PBXBuildFile; fileRef = 04FDA7AC1CB5F4900053F5B3 /* Readme */; };
		04FDA7AF1CB5F4AA0053F5B3 /* Readme in Resources */ = {isa = PBXBuildFile; fileRef = 04FDA7AE1CB5F4AA0053F5B3 /* Readme */; };
		2D8F3E9D7FF3FE17B6BFDBC9 /* Pods.framework in Frameworks */ = {isa = PBXBuildFile; fileRef = 2C36B9155A015378A51FCD1B /* Pods.framework */; };
/* End PBXBuildFile section */

/* Begin PBXFileReference section */
		0407B22F1CB3B451008EE9F0 /* Readme */ = {isa = PBXFileReference; fileEncoding = 4; lastKnownFileType = text; path = Readme; sourceTree = "<group>"; };
		0407B2731CB3B541008EE9F0 /* Readme */ = {isa = PBXFileReference; fileEncoding = 4; lastKnownFileType = text; path = Readme; sourceTree = "<group>"; };
		0407B2751CB3B55D008EE9F0 /* Readme */ = {isa = PBXFileReference; fileEncoding = 4; lastKnownFileType = text; path = Readme; sourceTree = "<group>"; };
		0407B2771CB3B574008EE9F0 /* Readme */ = {isa = PBXFileReference; fileEncoding = 4; lastKnownFileType = text; path = Readme; sourceTree = "<group>"; };
		0407B2791CB3B592008EE9F0 /* Readme */ = {isa = PBXFileReference; fileEncoding = 4; lastKnownFileType = text; path = Readme; sourceTree = "<group>"; };
		0407B27B1CB3B59D008EE9F0 /* Readme */ = {isa = PBXFileReference; fileEncoding = 4; lastKnownFileType = text; path = Readme; sourceTree = "<group>"; };
		0407B27D1CB3B5A6008EE9F0 /* Readme */ = {isa = PBXFileReference; fileEncoding = 4; lastKnownFileType = text; path = Readme; sourceTree = "<group>"; };
		0407B27F1CB3B5B5008EE9F0 /* Readme */ = {isa = PBXFileReference; fileEncoding = 4; lastKnownFileType = text; path = Readme; sourceTree = "<group>"; };
		0407B2811CB3B5C7008EE9F0 /* Readme */ = {isa = PBXFileReference; fileEncoding = 4; lastKnownFileType = text; path = Readme; sourceTree = "<group>"; };
		0407B2831CB3B5D2008EE9F0 /* Readme */ = {isa = PBXFileReference; fileEncoding = 4; lastKnownFileType = text; path = Readme; sourceTree = "<group>"; };
		0407B2851CB3B5E1008EE9F0 /* Readme */ = {isa = PBXFileReference; fileEncoding = 4; lastKnownFileType = text; path = Readme; sourceTree = "<group>"; };
		0407B2871CB3B5ED008EE9F0 /* Readme */ = {isa = PBXFileReference; fileEncoding = 4; lastKnownFileType = text; path = Readme; sourceTree = "<group>"; };
		0407B2891CB3B5F9008EE9F0 /* Readme */ = {isa = PBXFileReference; fileEncoding = 4; lastKnownFileType = text; path = Readme; sourceTree = "<group>"; };
		0407B28B1CB3B606008EE9F0 /* Readme */ = {isa = PBXFileReference; fileEncoding = 4; lastKnownFileType = text; path = Readme; sourceTree = "<group>"; };
		0407B28D1CB3B612008EE9F0 /* Readme */ = {isa = PBXFileReference; fileEncoding = 4; lastKnownFileType = text; path = Readme; sourceTree = "<group>"; };
		0407B28F1CB3B61D008EE9F0 /* Readme */ = {isa = PBXFileReference; fileEncoding = 4; lastKnownFileType = text; path = Readme; sourceTree = "<group>"; };
		0407B2911CB3B628008EE9F0 /* Readme */ = {isa = PBXFileReference; fileEncoding = 4; lastKnownFileType = text; path = Readme; sourceTree = "<group>"; };
		0407B2931CB3B635008EE9F0 /* Readme */ = {isa = PBXFileReference; fileEncoding = 4; lastKnownFileType = text; path = Readme; sourceTree = "<group>"; };
		0407B2951CB3B642008EE9F0 /* Readme */ = {isa = PBXFileReference; fileEncoding = 4; lastKnownFileType = text; path = Readme; sourceTree = "<group>"; };
		0407B2971CB3B64D008EE9F0 /* Readme */ = {isa = PBXFileReference; fileEncoding = 4; lastKnownFileType = text; path = Readme; sourceTree = "<group>"; };
		0407B2991CB3B657008EE9F0 /* Readme */ = {isa = PBXFileReference; fileEncoding = 4; lastKnownFileType = text; path = Readme; sourceTree = "<group>"; };
		0409A8B71CE2AACA005C864A /* Podfile */ = {isa = PBXFileReference; fileEncoding = 4; lastKnownFileType = text; path = Podfile; sourceTree = "<group>"; xcLanguageSpecificationIdentifier = xcode.lang.ruby; };
		041038E71CC8BD6800DA326D /* IndexTableViewController.swift */ = {isa = PBXFileReference; fileEncoding = 4; lastKnownFileType = sourcecode.swift; path = IndexTableViewController.swift; sourceTree = "<group>"; };
		041038E91CC8BEB100DA326D /* IndexList.swift */ = {isa = PBXFileReference; fileEncoding = 4; lastKnownFileType = sourcecode.swift; path = IndexList.swift; sourceTree = "<group>"; };
		041038EB1CC8BEC900DA326D /* IndexTableViewCell.swift */ = {isa = PBXFileReference; fileEncoding = 4; lastKnownFileType = sourcecode.swift; path = IndexTableViewCell.swift; sourceTree = "<group>"; };
		0410D0041CC0F6A8007A9160 /* HttpY.swift */ = {isa = PBXFileReference; fileEncoding = 4; lastKnownFileType = sourcecode.swift; path = HttpY.swift; sourceTree = "<group>"; };
		041159661CBFF2B000BC78D1 /* MineMainTableViewController.swift */ = {isa = PBXFileReference; fileEncoding = 4; lastKnownFileType = sourcecode.swift; path = MineMainTableViewController.swift; sourceTree = "<group>"; };
		041B02801CC6109F0050E84C /* ChannelRateTableViewController.swift */ = {isa = PBXFileReference; fileEncoding = 4; lastKnownFileType = sourcecode.swift; path = ChannelRateTableViewController.swift; sourceTree = "<group>"; };
		041B02821CC610BC0050E84C /* RateList.swift */ = {isa = PBXFileReference; fileEncoding = 4; lastKnownFileType = sourcecode.swift; path = RateList.swift; sourceTree = "<group>"; };
		041B02841CC610DD0050E84C /* ChannelRateTableViewCell.swift */ = {isa = PBXFileReference; fileEncoding = 4; lastKnownFileType = sourcecode.swift; path = ChannelRateTableViewCell.swift; sourceTree = "<group>"; };
		041B02861CC62A790050E84C /* AboutTableViewController.swift */ = {isa = PBXFileReference; fileEncoding = 4; lastKnownFileType = sourcecode.swift; path = AboutTableViewController.swift; sourceTree = "<group>"; };
		041B02881CC62A8D0050E84C /* AboutList.swift */ = {isa = PBXFileReference; fileEncoding = 4; lastKnownFileType = sourcecode.swift; path = AboutList.swift; sourceTree = "<group>"; };
		041B028A1CC62AA10050E84C /* AboutTableViewCell.swift */ = {isa = PBXFileReference; fileEncoding = 4; lastKnownFileType = sourcecode.swift; path = AboutTableViewCell.swift; sourceTree = "<group>"; };
		041E83491CE74CEE00AD7CBA /* AnalysisViewController.swift */ = {isa = PBXFileReference; fileEncoding = 4; lastKnownFileType = sourcecode.swift; path = AnalysisViewController.swift; sourceTree = "<group>"; };
		041E834B1CE74D2F00AD7CBA /* AnalysisList.swift */ = {isa = PBXFileReference; fileEncoding = 4; lastKnownFileType = sourcecode.swift; path = AnalysisList.swift; sourceTree = "<group>"; };
		041E834D1CE74D5400AD7CBA /* AnalysisTableViewCell.swift */ = {isa = PBXFileReference; fileEncoding = 4; lastKnownFileType = sourcecode.swift; path = AnalysisTableViewCell.swift; sourceTree = "<group>"; };
		0422BE831CC0709700684F45 /* MineTableViewCell.swift */ = {isa = PBXFileReference; fileEncoding = 4; lastKnownFileType = sourcecode.swift; path = MineTableViewCell.swift; sourceTree = "<group>"; };
		0422BE851CC070CD00684F45 /*  MineList.swift */ = {isa = PBXFileReference; fileEncoding = 4; lastKnownFileType = sourcecode.swift; path = " MineList.swift"; sourceTree = "<group>"; };
		042581F21CE0C20600CA5A0F /* OrderList.swift */ = {isa = PBXFileReference; fileEncoding = 4; lastKnownFileType = sourcecode.swift; path = OrderList.swift; sourceTree = "<group>"; };
		0426358B1CC5C05C00BB9A44 /* SafeCenterTableViewController.swift */ = {isa = PBXFileReference; fileEncoding = 4; lastKnownFileType = sourcecode.swift; path = SafeCenterTableViewController.swift; sourceTree = "<group>"; };
		0426358D1CC5C09500BB9A44 /* SafeList.swift */ = {isa = PBXFileReference; fileEncoding = 4; lastKnownFileType = sourcecode.swift; path = SafeList.swift; sourceTree = "<group>"; };
		0426358F1CC5C0AF00BB9A44 /* SafeCenterTableViewCell.swift */ = {isa = PBXFileReference; fileEncoding = 4; lastKnownFileType = sourcecode.swift; path = SafeCenterTableViewCell.swift; sourceTree = "<group>"; };
		042635911CC5C86B00BB9A44 /* UpdatePasswordViewController.swift */ = {isa = PBXFileReference; fileEncoding = 4; lastKnownFileType = sourcecode.swift; path = UpdatePasswordViewController.swift; sourceTree = "<group>"; };
		042635931CC5D52B00BB9A44 /* LoginLogTableViewController.swift */ = {isa = PBXFileReference; fileEncoding = 4; lastKnownFileType = sourcecode.swift; path = LoginLogTableViewController.swift; sourceTree = "<group>"; };
		042635951CC5D55600BB9A44 /* LoginLogTableViewCell.swift */ = {isa = PBXFileReference; fileEncoding = 4; lastKnownFileType = sourcecode.swift; path = LoginLogTableViewCell.swift; sourceTree = "<group>"; };
		042635971CC5D56700BB9A44 /* LogList.swift */ = {isa = PBXFileReference; fileEncoding = 4; lastKnownFileType = sourcecode.swift; path = LogList.swift; sourceTree = "<group>"; };
		0434C7B71CE062B500A3B54E /* CardViewController.swift */ = {isa = PBXFileReference; fileEncoding = 4; lastKnownFileType = sourcecode.swift; path = CardViewController.swift; sourceTree = "<group>"; };
		046B958D1CE56DA3000CE2D2 /* ConsignTableViewController.swift */ = {isa = PBXFileReference; fileEncoding = 4; lastKnownFileType = sourcecode.swift; path = ConsignTableViewController.swift; sourceTree = "<group>"; };
		046B958F1CE573B9000CE2D2 /* ConsignTableViewCell.swift */ = {isa = PBXFileReference; fileEncoding = 4; lastKnownFileType = sourcecode.swift; path = ConsignTableViewCell.swift; sourceTree = "<group>"; };
		04824E401CBA930B00B03234 /* ForgetPasswordViewController.swift */ = {isa = PBXFileReference; fileEncoding = 4; lastKnownFileType = sourcecode.swift; name = ForgetPasswordViewController.swift; path = ../../Login/Controller/ForgetPasswordViewController.swift; sourceTree = "<group>"; };
		04824E421CBA9DB300B03234 /* ForgetPasswordSetViewController.swift */ = {isa = PBXFileReference; fileEncoding = 4; lastKnownFileType = sourcecode.swift; path = ForgetPasswordSetViewController.swift; sourceTree = "<group>"; };
		04827DA81CB3AC5000E51DEE /* BuuYou.app */ = {isa = PBXFileReference; explicitFileType = wrapper.application; includeInIndex = 0; path = BuuYou.app; sourceTree = BUILT_PRODUCTS_DIR; };
		04827DAB1CB3AC5100E51DEE /* AppDelegate.swift */ = {isa = PBXFileReference; lastKnownFileType = sourcecode.swift; path = AppDelegate.swift; sourceTree = "<group>"; };
		04827DAD1CB3AC5100E51DEE /* ViewController.swift */ = {isa = PBXFileReference; lastKnownFileType = sourcecode.swift; path = ViewController.swift; sourceTree = "<group>"; };
		04827DB01CB3AC5100E51DEE /* Base */ = {isa = PBXFileReference; lastKnownFileType = file.storyboard; name = Base; path = Base.lproj/Main.storyboard; sourceTree = "<group>"; };
		04827DB21CB3AC5100E51DEE /* Assets.xcassets */ = {isa = PBXFileReference; lastKnownFileType = folder.assetcatalog; path = Assets.xcassets; sourceTree = "<group>"; };
		04827DB51CB3AC5100E51DEE /* Base */ = {isa = PBXFileReference; lastKnownFileType = file.storyboard; name = Base; path = Base.lproj/LaunchScreen.storyboard; sourceTree = "<group>"; };
		04827DB71CB3AC5100E51DEE /* Info.plist */ = {isa = PBXFileReference; lastKnownFileType = text.plist.xml; path = Info.plist; sourceTree = "<group>"; };
		048458B31CE3313F00B4A22A /* ZHDropDownMenu.swift */ = {isa = PBXFileReference; fileEncoding = 4; lastKnownFileType = sourcecode.swift; path = ZHDropDownMenu.swift; sourceTree = "<group>"; };
		048524861CB6799400303D4E /* LoginViewController.swift */ = {isa = PBXFileReference; fileEncoding = 4; lastKnownFileType = sourcecode.swift; path = LoginViewController.swift; sourceTree = "<group>"; };
		0485248B1CB67D9700303D4E /* BuuYou-Bridging-Header.h */ = {isa = PBXFileReference; lastKnownFileType = sourcecode.c.h; path = "BuuYou-Bridging-Header.h"; sourceTree = "<group>"; };
		048E2ED41CEC643B00311D3B /* InfoList.swift */ = {isa = PBXFileReference; fileEncoding = 4; lastKnownFileType = sourcecode.swift; path = InfoList.swift; sourceTree = "<group>"; };
		048E2ED61CEC646A00311D3B /* InfoTableViewCell.swift */ = {isa = PBXFileReference; fileEncoding = 4; lastKnownFileType = sourcecode.swift; path = InfoTableViewCell.swift; sourceTree = "<group>"; };
		048E2ED81CEC671D00311D3B /* InfomationTableViewController.swift */ = {isa = PBXFileReference; fileEncoding = 4; lastKnownFileType = sourcecode.swift; path = InfomationTableViewController.swift; sourceTree = "<group>"; };
		048E2EDA1CEC734700311D3B /* FinanceTableViewController.swift */ = {isa = PBXFileReference; fileEncoding = 4; lastKnownFileType = sourcecode.swift; path = FinanceTableViewController.swift; sourceTree = "<group>"; };
		048E2EDC1CEC735900311D3B /* FinanceList.swift */ = {isa = PBXFileReference; fileEncoding = 4; lastKnownFileType = sourcecode.swift; path = FinanceList.swift; sourceTree = "<group>"; };
		048E2EDE1CEC736A00311D3B /* FinanceTableViewCell.swift */ = {isa = PBXFileReference; fileEncoding = 4; lastKnownFileType = sourcecode.swift; path = FinanceTableViewCell.swift; sourceTree = "<group>"; };
		04B72DC11CE1893200CAC33B /* OrdersTableViewCell.swift */ = {isa = PBXFileReference; fileEncoding = 4; lastKnownFileType = sourcecode.swift; path = OrdersTableViewCell.swift; sourceTree = "<group>"; };
		04C209121CCB1C30006C35A8 /* WebViewController.swift */ = {isa = PBXFileReference; fileEncoding = 4; lastKnownFileType = sourcecode.swift; path = WebViewController.swift; sourceTree = "<group>"; };
		04C209141CCB200D006C35A8 /* WebTableViewController.swift */ = {isa = PBXFileReference; fileEncoding = 4; lastKnownFileType = sourcecode.swift; path = WebTableViewController.swift; sourceTree = "<group>"; };
		04C209181CCB2034006C35A8 /* WebTableViewCell.swift */ = {isa = PBXFileReference; fileEncoding = 4; lastKnownFileType = sourcecode.swift; path = WebTableViewCell.swift; sourceTree = "<group>"; };
		04CCCC591CBC86460030D494 /* MainTabbarViewController.swift */ = {isa = PBXFileReference; fileEncoding = 4; lastKnownFileType = sourcecode.swift; path = MainTabbarViewController.swift; sourceTree = "<group>"; };
		04CCCC5B1CBCC3BE0030D494 /* Http.swift */ = {isa = PBXFileReference; fileEncoding = 4; lastKnownFileType = sourcecode.swift; path = Http.swift; sourceTree = "<group>"; };
		04DC388E1CE46E8F00C78A2C /* ConsignOrderViewController.swift */ = {isa = PBXFileReference; fileEncoding = 4; lastKnownFileType = sourcecode.swift; path = ConsignOrderViewController.swift; sourceTree = "<group>"; };
		04E488281CC86ED500D75D66 /* NoticeTableViewController.swift */ = {isa = PBXFileReference; fileEncoding = 4; lastKnownFileType = sourcecode.swift; path = NoticeTableViewController.swift; sourceTree = "<group>"; };
		04E4882A1CC86EF200D75D66 /* NoticeList.swift */ = {isa = PBXFileReference; fileEncoding = 4; lastKnownFileType = sourcecode.swift; path = NoticeList.swift; sourceTree = "<group>"; };
		04E4882C1CC86F0C00D75D66 /* NoticeTableViewCell.swift */ = {isa = PBXFileReference; fileEncoding = 4; lastKnownFileType = sourcecode.swift; path = NoticeTableViewCell.swift; sourceTree = "<group>"; };
		04E8085F1CB8F022002DCA34 /* Url.swift */ = {isa = PBXFileReference; fileEncoding = 4; lastKnownFileType = sourcecode.swift; path = Url.swift; sourceTree = "<group>"; };
		04E808611CB8F282002DCA34 /* Httpresult.swift */ = {isa = PBXFileReference; fileEncoding = 4; lastKnownFileType = sourcecode.swift; path = Httpresult.swift; sourceTree = "<group>"; };
		04E808631CB8F50B002DCA34 /* XKeyBoard.h */ = {isa = PBXFileReference; fileEncoding = 4; lastKnownFileType = sourcecode.c.h; path = XKeyBoard.h; sourceTree = "<group>"; };
		04E808641CB8F512002DCA34 /* XKeyBoard.m */ = {isa = PBXFileReference; fileEncoding = 4; lastKnownFileType = sourcecode.c.objc; path = XKeyBoard.m; sourceTree = "<group>"; };
		04E808661CB8F545002DCA34 /* BuuYou-Bridging-Header.h */ = {isa = PBXFileReference; lastKnownFileType = sourcecode.c.h; path = "BuuYou-Bridging-Header.h"; sourceTree = "<group>"; };
		04E808681CB8F5CC002DCA34 /* JSONJoy.swift */ = {isa = PBXFileReference; fileEncoding = 4; lastKnownFileType = sourcecode.swift; path = JSONJoy.swift; sourceTree = "<group>"; };
		04F02C721CC204B7007C366D /* InformationTableViewController.swift */ = {isa = PBXFileReference; fileEncoding = 4; lastKnownFileType = sourcecode.swift; path = InformationTableViewController.swift; sourceTree = "<group>"; };
		04F02C741CC2055B007C366D /* InformationList.swift */ = {isa = PBXFileReference; fileEncoding = 4; lastKnownFileType = sourcecode.swift; path = InformationList.swift; sourceTree = "<group>"; };
		04F02C761CC2057A007C366D /* InformationTableViewCell.swift */ = {isa = PBXFileReference; fileEncoding = 4; lastKnownFileType = sourcecode.swift; path = InformationTableViewCell.swift; sourceTree = "<group>"; };
		04F02C7A1CC23982007C366D /* AccountDataTableViewController.swift */ = {isa = PBXFileReference; fileEncoding = 4; lastKnownFileType = sourcecode.swift; path = AccountDataTableViewController.swift; sourceTree = "<group>"; };
		04F02C7C1CC23994007C366D /* AccountDataList.swift */ = {isa = PBXFileReference; fileEncoding = 4; lastKnownFileType = sourcecode.swift; path = AccountDataList.swift; sourceTree = "<group>"; };
		04F02C7E1CC239AF007C366D /* AccountDataTableViewCell.swift */ = {isa = PBXFileReference; fileEncoding = 4; lastKnownFileType = sourcecode.swift; path = AccountDataTableViewCell.swift; sourceTree = "<group>"; };
		04FDA7AC1CB5F4900053F5B3 /* Readme */ = {isa = PBXFileReference; fileEncoding = 4; lastKnownFileType = text; path = Readme; sourceTree = "<group>"; };
		04FDA7AE1CB5F4AA0053F5B3 /* Readme */ = {isa = PBXFileReference; fileEncoding = 4; lastKnownFileType = text; path = Readme; sourceTree = "<group>"; };
		0E9E9D246DE9DECF55A30513 /* Pods.debug.xcconfig */ = {isa = PBXFileReference; includeInIndex = 1; lastKnownFileType = text.xcconfig; name = Pods.debug.xcconfig; path = "Pods/Target Support Files/Pods/Pods.debug.xcconfig"; sourceTree = "<group>"; };
		2C36B9155A015378A51FCD1B /* Pods.framework */ = {isa = PBXFileReference; explicitFileType = wrapper.framework; includeInIndex = 0; path = Pods.framework; sourceTree = BUILT_PRODUCTS_DIR; };
		EE9BAE7D39D714B25E9093F2 /* Pods.release.xcconfig */ = {isa = PBXFileReference; includeInIndex = 1; lastKnownFileType = text.xcconfig; name = Pods.release.xcconfig; path = "Pods/Target Support Files/Pods/Pods.release.xcconfig"; sourceTree = "<group>"; };
/* End PBXFileReference section */

/* Begin PBXFrameworksBuildPhase section */
		04827DA51CB3AC5000E51DEE /* Frameworks */ = {
			isa = PBXFrameworksBuildPhase;
			buildActionMask = 2147483647;
			files = (
				2D8F3E9D7FF3FE17B6BFDBC9 /* Pods.framework in Frameworks */,
			);
			runOnlyForDeploymentPostprocessing = 0;
		};
/* End PBXFrameworksBuildPhase section */

/* Begin PBXGroup section */
		0407B2461CB3B4C3008EE9F0 /* Index */ = {
			isa = PBXGroup;
			children = (
				0407B2471CB3B4C3008EE9F0 /* Controller */,
				0407B2491CB3B4C3008EE9F0 /* Model */,
				0407B24B1CB3B4C3008EE9F0 /* View */,
			);
			path = Index;
			sourceTree = "<group>";
		};
		0407B2471CB3B4C3008EE9F0 /* Controller */ = {
			isa = PBXGroup;
			children = (
				0407B28B1CB3B606008EE9F0 /* Readme */,
				041038E71CC8BD6800DA326D /* IndexTableViewController.swift */,
				0434C7B71CE062B500A3B54E /* CardViewController.swift */,
				048458B31CE3313F00B4A22A /* ZHDropDownMenu.swift */,
				04DC388E1CE46E8F00C78A2C /* ConsignOrderViewController.swift */,
				046B958D1CE56DA3000CE2D2 /* ConsignTableViewController.swift */,
				041E83491CE74CEE00AD7CBA /* AnalysisViewController.swift */,
				048E2ED81CEC671D00311D3B /* InfomationTableViewController.swift */,
				048E2EDA1CEC734700311D3B /* FinanceTableViewController.swift */,
			);
			path = Controller;
			sourceTree = "<group>";
		};
		0407B2491CB3B4C3008EE9F0 /* Model */ = {
			isa = PBXGroup;
			children = (
				0407B28D1CB3B612008EE9F0 /* Readme */,
				041038E91CC8BEB100DA326D /* IndexList.swift */,
				042581F21CE0C20600CA5A0F /* OrderList.swift */,
				041E834B1CE74D2F00AD7CBA /* AnalysisList.swift */,
				048E2ED41CEC643B00311D3B /* InfoList.swift */,
				048E2EDC1CEC735900311D3B /* FinanceList.swift */,
			);
			path = Model;
			sourceTree = "<group>";
		};
		0407B24B1CB3B4C3008EE9F0 /* View */ = {
			isa = PBXGroup;
			children = (
				0407B28F1CB3B61D008EE9F0 /* Readme */,
				041038EB1CC8BEC900DA326D /* IndexTableViewCell.swift */,
				04B72DC11CE1893200CAC33B /* OrdersTableViewCell.swift */,
				046B958F1CE573B9000CE2D2 /* ConsignTableViewCell.swift */,
				041E834D1CE74D5400AD7CBA /* AnalysisTableViewCell.swift */,
				048E2ED61CEC646A00311D3B /* InfoTableViewCell.swift */,
				048E2EDE1CEC736A00311D3B /* FinanceTableViewCell.swift */,
			);
			path = View;
			sourceTree = "<group>";
		};
		0407B2501CB3B4CB008EE9F0 /* Account */ = {
			isa = PBXGroup;
			children = (
				0407B2511CB3B4CB008EE9F0 /* Controller */,
				0407B2521CB3B4CB008EE9F0 /* Model */,
				0407B2531CB3B4CB008EE9F0 /* View */,
			);
			path = Account;
			sourceTree = "<group>";
		};
		0407B2511CB3B4CB008EE9F0 /* Controller */ = {
			isa = PBXGroup;
			children = (
				0407B2851CB3B5E1008EE9F0 /* Readme */,
			);
			path = Controller;
			sourceTree = "<group>";
		};
		0407B2521CB3B4CB008EE9F0 /* Model */ = {
			isa = PBXGroup;
			children = (
				0407B2871CB3B5ED008EE9F0 /* Readme */,
			);
			path = Model;
			sourceTree = "<group>";
		};
		0407B2531CB3B4CB008EE9F0 /* View */ = {
			isa = PBXGroup;
			children = (
				0407B2891CB3B5F9008EE9F0 /* Readme */,
			);
			path = View;
			sourceTree = "<group>";
		};
		0407B2541CB3B4D0008EE9F0 /* Bills */ = {
			isa = PBXGroup;
			children = (
				0407B2551CB3B4D0008EE9F0 /* Controller */,
				0407B2571CB3B4D0008EE9F0 /* Model */,
				0407B2591CB3B4D0008EE9F0 /* View */,
			);
			path = Bills;
			sourceTree = "<group>";
		};
		0407B2551CB3B4D0008EE9F0 /* Controller */ = {
			isa = PBXGroup;
			children = (
				0407B27F1CB3B5B5008EE9F0 /* Readme */,
			);
			path = Controller;
			sourceTree = "<group>";
		};
		0407B2571CB3B4D0008EE9F0 /* Model */ = {
			isa = PBXGroup;
			children = (
				0407B2811CB3B5C7008EE9F0 /* Readme */,
			);
			path = Model;
			sourceTree = "<group>";
		};
		0407B2591CB3B4D0008EE9F0 /* View */ = {
			isa = PBXGroup;
			children = (
				0407B2831CB3B5D2008EE9F0 /* Readme */,
			);
			path = View;
			sourceTree = "<group>";
		};
		0407B25E1CB3B4EA008EE9F0 /* Login and ForgetPassword */ = {
			isa = PBXGroup;
			children = (
				0407B25F1CB3B4EA008EE9F0 /* ForgetPassword */,
				0407B2661CB3B4EA008EE9F0 /* Login */,
			);
			path = "Login and ForgetPassword";
			sourceTree = "<group>";
		};
		0407B25F1CB3B4EA008EE9F0 /* ForgetPassword */ = {
			isa = PBXGroup;
			children = (
				0407B2601CB3B4EA008EE9F0 /* Controller */,
				0407B2621CB3B4EA008EE9F0 /* Model */,
				0407B2641CB3B4EA008EE9F0 /* View */,
			);
			path = ForgetPassword;
			sourceTree = "<group>";
		};
		0407B2601CB3B4EA008EE9F0 /* Controller */ = {
			isa = PBXGroup;
			children = (
				04824E401CBA930B00B03234 /* ForgetPasswordViewController.swift */,
				04824E421CBA9DB300B03234 /* ForgetPasswordSetViewController.swift */,
				0407B2731CB3B541008EE9F0 /* Readme */,
			);
			path = Controller;
			sourceTree = "<group>";
		};
		0407B2621CB3B4EA008EE9F0 /* Model */ = {
			isa = PBXGroup;
			children = (
				0407B2751CB3B55D008EE9F0 /* Readme */,
				04CCCC5B1CBCC3BE0030D494 /* Http.swift */,
			);
			path = Model;
			sourceTree = "<group>";
		};
		0407B2641CB3B4EA008EE9F0 /* View */ = {
			isa = PBXGroup;
			children = (
				0407B2771CB3B574008EE9F0 /* Readme */,
			);
			path = View;
			sourceTree = "<group>";
		};
		0407B2661CB3B4EA008EE9F0 /* Login */ = {
			isa = PBXGroup;
			children = (
				0407B2671CB3B4EA008EE9F0 /* Controller */,
				0407B2691CB3B4EA008EE9F0 /* Model */,
				0407B26B1CB3B4EA008EE9F0 /* View */,
			);
			path = Login;
			sourceTree = "<group>";
		};
		0407B2671CB3B4EA008EE9F0 /* Controller */ = {
			isa = PBXGroup;
			children = (
				0407B2791CB3B592008EE9F0 /* Readme */,
				048524861CB6799400303D4E /* LoginViewController.swift */,
			);
			path = Controller;
			sourceTree = "<group>";
		};
		0407B2691CB3B4EA008EE9F0 /* Model */ = {
			isa = PBXGroup;
			children = (
				0407B27B1CB3B59D008EE9F0 /* Readme */,
				04E808611CB8F282002DCA34 /* Httpresult.swift */,
			);
			path = Model;
			sourceTree = "<group>";
		};
		0407B26B1CB3B4EA008EE9F0 /* View */ = {
			isa = PBXGroup;
			children = (
				0407B27D1CB3B5A6008EE9F0 /* Readme */,
			);
			path = View;
			sourceTree = "<group>";
		};
		04827D9F1CB3AC5000E51DEE = {
			isa = PBXGroup;
			children = (
				0409A8B71CE2AACA005C864A /* Podfile */,
				04FDA7AB1CB5F4760053F5B3 /* Tool */,
				0407B25E1CB3B4EA008EE9F0 /* Login and ForgetPassword */,
				0407B2541CB3B4D0008EE9F0 /* Bills */,
				0407B2501CB3B4CB008EE9F0 /* Account */,
				0407B2461CB3B4C3008EE9F0 /* Index */,
				04827DE81CB3B20D00E51DEE /* News */,
				04827DDE1CB3B20300E51DEE /* Mine */,
				04827DAA1CB3AC5000E51DEE /* BuuYou */,
				04827DA91CB3AC5000E51DEE /* Products */,
				04FDA7A81CB5F44E0053F5B3 /* Third Package */,
				BAC6AB6092E4DD75E02D0F84 /* Pods */,
				6C7C728C70E3897A654C8B5A /* Frameworks */,
			);
			sourceTree = "<group>";
		};
		04827DA91CB3AC5000E51DEE /* Products */ = {
			isa = PBXGroup;
			children = (
				04827DA81CB3AC5000E51DEE /* BuuYou.app */,
			);
			name = Products;
			sourceTree = "<group>";
		};
		04827DAA1CB3AC5000E51DEE /* BuuYou */ = {
			isa = PBXGroup;
			children = (
				04CCCC561CBC85A50030D494 /* MainTabBarController */,
				04827DAB1CB3AC5100E51DEE /* AppDelegate.swift */,
				04827DAD1CB3AC5100E51DEE /* ViewController.swift */,
				04827DAF1CB3AC5100E51DEE /* Main.storyboard */,
				04827DB21CB3AC5100E51DEE /* Assets.xcassets */,
				04827DB41CB3AC5100E51DEE /* LaunchScreen.storyboard */,
				04827DB71CB3AC5100E51DEE /* Info.plist */,
				0485248B1CB67D9700303D4E /* BuuYou-Bridging-Header.h */,
				0410D0041CC0F6A8007A9160 /* HttpY.swift */,
			);
			path = BuuYou;
			sourceTree = "<group>";
		};
		04827DDE1CB3B20300E51DEE /* Mine */ = {
			isa = PBXGroup;
			children = (
				04827DDF1CB3B20300E51DEE /* Controller */,
				04827DE11CB3B20300E51DEE /* Model */,
				04827DE31CB3B20300E51DEE /* View */,
			);
			path = Mine;
			sourceTree = "<group>";
		};
		04827DDF1CB3B20300E51DEE /* Controller */ = {
			isa = PBXGroup;
			children = (
				0407B2951CB3B642008EE9F0 /* Readme */,
				041159661CBFF2B000BC78D1 /* MineMainTableViewController.swift */,
				04F02C721CC204B7007C366D /* InformationTableViewController.swift */,
				04F02C7A1CC23982007C366D /* AccountDataTableViewController.swift */,
				0426358B1CC5C05C00BB9A44 /* SafeCenterTableViewController.swift */,
				042635911CC5C86B00BB9A44 /* UpdatePasswordViewController.swift */,
				042635931CC5D52B00BB9A44 /* LoginLogTableViewController.swift */,
				041B02801CC6109F0050E84C /* ChannelRateTableViewController.swift */,
				041B02861CC62A790050E84C /* AboutTableViewController.swift */,
			);
			path = Controller;
			sourceTree = "<group>";
		};
		04827DE11CB3B20300E51DEE /* Model */ = {
			isa = PBXGroup;
			children = (
				0407B2971CB3B64D008EE9F0 /* Readme */,
				0422BE851CC070CD00684F45 /*  MineList.swift */,
				04F02C741CC2055B007C366D /* InformationList.swift */,
				04F02C7C1CC23994007C366D /* AccountDataList.swift */,
				0426358D1CC5C09500BB9A44 /* SafeList.swift */,
				042635971CC5D56700BB9A44 /* LogList.swift */,
				041B02821CC610BC0050E84C /* RateList.swift */,
				041B02881CC62A8D0050E84C /* AboutList.swift */,
			);
			path = Model;
			sourceTree = "<group>";
		};
		04827DE31CB3B20300E51DEE /* View */ = {
			isa = PBXGroup;
			children = (
				0407B2991CB3B657008EE9F0 /* Readme */,
				0422BE831CC0709700684F45 /* MineTableViewCell.swift */,
				04F02C761CC2057A007C366D /* InformationTableViewCell.swift */,
				04F02C7E1CC239AF007C366D /* AccountDataTableViewCell.swift */,
				0426358F1CC5C0AF00BB9A44 /* SafeCenterTableViewCell.swift */,
				042635951CC5D55600BB9A44 /* LoginLogTableViewCell.swift */,
				041B02841CC610DD0050E84C /* ChannelRateTableViewCell.swift */,
				041B028A1CC62AA10050E84C /* AboutTableViewCell.swift */,
			);
			path = View;
			sourceTree = "<group>";
		};
		04827DE81CB3B20D00E51DEE /* News */ = {
			isa = PBXGroup;
			children = (
				04827DE91CB3B20D00E51DEE /* Controller */,
				04827DEB1CB3B20D00E51DEE /* Model */,
				04827DED1CB3B20D00E51DEE /* View */,
			);
			path = News;
			sourceTree = "<group>";
		};
		04827DE91CB3B20D00E51DEE /* Controller */ = {
			isa = PBXGroup;
			children = (
				0407B22F1CB3B451008EE9F0 /* Readme */,
				04E488281CC86ED500D75D66 /* NoticeTableViewController.swift */,
				04C209121CCB1C30006C35A8 /* WebViewController.swift */,
				04C209141CCB200D006C35A8 /* WebTableViewController.swift */,
			);
			path = Controller;
			sourceTree = "<group>";
		};
		04827DEB1CB3B20D00E51DEE /* Model */ = {
			isa = PBXGroup;
			children = (
				0407B2911CB3B628008EE9F0 /* Readme */,
				04E4882A1CC86EF200D75D66 /* NoticeList.swift */,
			);
			path = Model;
			sourceTree = "<group>";
		};
		04827DED1CB3B20D00E51DEE /* View */ = {
			isa = PBXGroup;
			children = (
				0407B2931CB3B635008EE9F0 /* Readme */,
				04E4882C1CC86F0C00D75D66 /* NoticeTableViewCell.swift */,
				04C209181CCB2034006C35A8 /* WebTableViewCell.swift */,
			);
			path = View;
			sourceTree = "<group>";
		};
		04CCCC561CBC85A50030D494 /* MainTabBarController */ = {
			isa = PBXGroup;
			children = (
				04CCCC591CBC86460030D494 /* MainTabbarViewController.swift */,
			);
			name = MainTabBarController;
			sourceTree = "<group>";
		};
		04E808671CB8F5B4002DCA34 /* Jsonjoy */ = {
			isa = PBXGroup;
			children = (
				04E808681CB8F5CC002DCA34 /* JSONJoy.swift */,
			);
			path = Jsonjoy;
			sourceTree = "<group>";
		};
		04FDA7A81CB5F44E0053F5B3 /* Third Package */ = {
			isa = PBXGroup;
			children = (
				04E808641CB8F512002DCA34 /* XKeyBoard.m */,
				04E808631CB8F50B002DCA34 /* XKeyBoard.h */,
				04FDA7AC1CB5F4900053F5B3 /* Readme */,
				04E808661CB8F545002DCA34 /* BuuYou-Bridging-Header.h */,
			);
			path = "Third Package";
			sourceTree = "<group>";
		};
		04FDA7AB1CB5F4760053F5B3 /* Tool */ = {
			isa = PBXGroup;
			children = (
				04E808671CB8F5B4002DCA34 /* Jsonjoy */,
				04FDA7AE1CB5F4AA0053F5B3 /* Readme */,
				04E8085F1CB8F022002DCA34 /* Url.swift */,
			);
			path = Tool;
			sourceTree = "<group>";
		};
		6C7C728C70E3897A654C8B5A /* Frameworks */ = {
			isa = PBXGroup;
			children = (
				2C36B9155A015378A51FCD1B /* Pods.framework */,
			);
			name = Frameworks;
			sourceTree = "<group>";
		};
		BAC6AB6092E4DD75E02D0F84 /* Pods */ = {
			isa = PBXGroup;
			children = (
				0E9E9D246DE9DECF55A30513 /* Pods.debug.xcconfig */,
				EE9BAE7D39D714B25E9093F2 /* Pods.release.xcconfig */,
			);
			name = Pods;
			sourceTree = "<group>";
		};
/* End PBXGroup section */

/* Begin PBXNativeTarget section */
		04827DA71CB3AC5000E51DEE /* BuuYou */ = {
			isa = PBXNativeTarget;
			buildConfigurationList = 04827DBA1CB3AC5100E51DEE /* Build configuration list for PBXNativeTarget "BuuYou" */;
			buildPhases = (
				50920369A40FB79ADD439A7E /* Check Pods Manifest.lock */,
				04827DA41CB3AC5000E51DEE /* Sources */,
				04827DA51CB3AC5000E51DEE /* Frameworks */,
				04827DA61CB3AC5000E51DEE /* Resources */,
				854597FF1BE92CDB11010536 /* Embed Pods Frameworks */,
				00BA1F04DF19DD7C201D316F /* Copy Pods Resources */,
			);
			buildRules = (
			);
			dependencies = (
			);
			name = BuuYou;
			productName = BuuYou;
			productReference = 04827DA81CB3AC5000E51DEE /* BuuYou.app */;
			productType = "com.apple.product-type.application";
		};
/* End PBXNativeTarget section */

/* Begin PBXProject section */
		04827DA01CB3AC5000E51DEE /* Project object */ = {
			isa = PBXProject;
			attributes = {
				LastSwiftUpdateCheck = 0720;
				LastUpgradeCheck = 0720;
				ORGANIZATIONNAME = "北京校酷网络科技有限公司";
				TargetAttributes = {
					04827DA71CB3AC5000E51DEE = {
						CreatedOnToolsVersion = 7.2;
					};
				};
			};
			buildConfigurationList = 04827DA31CB3AC5000E51DEE /* Build configuration list for PBXProject "BuuYou" */;
			compatibilityVersion = "Xcode 3.2";
			developmentRegion = English;
			hasScannedForEncodings = 0;
			knownRegions = (
				en,
				Base,
			);
			mainGroup = 04827D9F1CB3AC5000E51DEE;
			productRefGroup = 04827DA91CB3AC5000E51DEE /* Products */;
			projectDirPath = "";
			projectRoot = "";
			targets = (
				04827DA71CB3AC5000E51DEE /* BuuYou */,
			);
		};
/* End PBXProject section */

/* Begin PBXResourcesBuildPhase section */
		04827DA61CB3AC5000E51DEE /* Resources */ = {
			isa = PBXResourcesBuildPhase;
			buildActionMask = 2147483647;
			files = (
				04FDA7AF1CB5F4AA0053F5B3 /* Readme in Resources */,
				04FDA7AD1CB5F4910053F5B3 /* Readme in Resources */,
				0407B2921CB3B628008EE9F0 /* Readme in Resources */,
				0407B2841CB3B5D2008EE9F0 /* Readme in Resources */,
				0407B27E1CB3B5A6008EE9F0 /* Readme in Resources */,
				0407B2981CB3B64D008EE9F0 /* Readme in Resources */,
				0407B29A1CB3B657008EE9F0 /* Readme in Resources */,
				0407B2801CB3B5B5008EE9F0 /* Readme in Resources */,
				0407B2741CB3B541008EE9F0 /* Readme in Resources */,
				0407B28A1CB3B5F9008EE9F0 /* Readme in Resources */,
				04827DB61CB3AC5100E51DEE /* LaunchScreen.storyboard in Resources */,
				0407B2821CB3B5C7008EE9F0 /* Readme in Resources */,
				0407B28C1CB3B606008EE9F0 /* Readme in Resources */,
				0407B2301CB3B451008EE9F0 /* Readme in Resources */,
				0407B2941CB3B635008EE9F0 /* Readme in Resources */,
				0407B2781CB3B574008EE9F0 /* Readme in Resources */,
				0407B2961CB3B642008EE9F0 /* Readme in Resources */,
				0407B27A1CB3B592008EE9F0 /* Readme in Resources */,
				04827DB31CB3AC5100E51DEE /* Assets.xcassets in Resources */,
				0407B2881CB3B5ED008EE9F0 /* Readme in Resources */,
				0407B2861CB3B5E1008EE9F0 /* Readme in Resources */,
				0407B2761CB3B55D008EE9F0 /* Readme in Resources */,
				0407B27C1CB3B59D008EE9F0 /* Readme in Resources */,
				0407B2901CB3B61D008EE9F0 /* Readme in Resources */,
				0409A8B81CE2AACA005C864A /* Podfile in Resources */,
				0407B28E1CB3B612008EE9F0 /* Readme in Resources */,
				04827DB11CB3AC5100E51DEE /* Main.storyboard in Resources */,
			);
			runOnlyForDeploymentPostprocessing = 0;
		};
/* End PBXResourcesBuildPhase section */

/* Begin PBXShellScriptBuildPhase section */
		00BA1F04DF19DD7C201D316F /* Copy Pods Resources */ = {
			isa = PBXShellScriptBuildPhase;
			buildActionMask = 12;
			files = (
			);
			inputPaths = (
			);
			name = "Copy Pods Resources";
			outputPaths = (
			);
			runOnlyForDeploymentPostprocessing = 0;
			shellPath = /bin/sh;
			shellScript = "\"${SRCROOT}/Pods/Target Support Files/Pods/Pods-resources.sh\"\n";
			showEnvVarsInLog = 0;
		};
		50920369A40FB79ADD439A7E /* Check Pods Manifest.lock */ = {
			isa = PBXShellScriptBuildPhase;
			buildActionMask = 2147483647;
			files = (
			);
			inputPaths = (
			);
			name = "Check Pods Manifest.lock";
			outputPaths = (
			);
			runOnlyForDeploymentPostprocessing = 0;
			shellPath = /bin/sh;
			shellScript = "diff \"${PODS_ROOT}/../Podfile.lock\" \"${PODS_ROOT}/Manifest.lock\" > /dev/null\nif [[ $? != 0 ]] ; then\n    cat << EOM\nerror: The sandbox is not in sync with the Podfile.lock. Run 'pod install' or update your CocoaPods installation.\nEOM\n    exit 1\nfi\n";
			showEnvVarsInLog = 0;
		};
		854597FF1BE92CDB11010536 /* Embed Pods Frameworks */ = {
			isa = PBXShellScriptBuildPhase;
			buildActionMask = 12;
			files = (
			);
			inputPaths = (
			);
			name = "Embed Pods Frameworks";
			outputPaths = (
			);
			runOnlyForDeploymentPostprocessing = 0;
			shellPath = /bin/sh;
			shellScript = "\"${SRCROOT}/Pods/Target Support Files/Pods/Pods-frameworks.sh\"\n";
			showEnvVarsInLog = 0;
		};
/* End PBXShellScriptBuildPhase section */

/* Begin PBXSourcesBuildPhase section */
		04827DA41CB3AC5000E51DEE /* Sources */ = {
			isa = PBXSourcesBuildPhase;
			buildActionMask = 2147483647;
			files = (
				041038EA1CC8BEB100DA326D /* IndexList.swift in Sources */,
				04E488291CC86ED500D75D66 /* NoticeTableViewController.swift in Sources */,
				04B72DC31CE1893200CAC33B /* OrdersTableViewCell.swift in Sources */,
				048458B41CE3313F00B4A22A /* ZHDropDownMenu.swift in Sources */,
				04F02C771CC2057A007C366D /* InformationTableViewCell.swift in Sources */,
				04E808651CB8F512002DCA34 /* XKeyBoard.m in Sources */,
				04CCCC5A1CBC86460030D494 /* MainTabbarViewController.swift in Sources */,
				042635901CC5C0AF00BB9A44 /* SafeCenterTableViewCell.swift in Sources */,
				041038EC1CC8BEC900DA326D /* IndexTableViewCell.swift in Sources */,
				04E808601CB8F022002DCA34 /* Url.swift in Sources */,
				0434C7B81CE062B500A3B54E /* CardViewController.swift in Sources */,
				041038E81CC8BD6800DA326D /* IndexTableViewController.swift in Sources */,
				0410D0051CC0F6A8007A9160 /* HttpY.swift in Sources */,
				042635941CC5D52B00BB9A44 /* LoginLogTableViewController.swift in Sources */,
				048E2EDD1CEC735900311D3B /* FinanceList.swift in Sources */,
				041159671CBFF2B000BC78D1 /* MineMainTableViewController.swift in Sources */,
				042635961CC5D55600BB9A44 /* LoginLogTableViewCell.swift in Sources */,
				041B028B1CC62AA10050E84C /* AboutTableViewCell.swift in Sources */,
				048524871CB6799400303D4E /* LoginViewController.swift in Sources */,
				042635981CC5D56700BB9A44 /* LogList.swift in Sources */,
				048E2EDF1CEC736A00311D3B /* FinanceTableViewCell.swift in Sources */,
				046B95901CE573B9000CE2D2 /* ConsignTableViewCell.swift in Sources */,
				04E4882B1CC86EF200D75D66 /* NoticeList.swift in Sources */,
				046B958E1CE56DA3000CE2D2 /* ConsignTableViewController.swift in Sources */,
				04F02C7F1CC239AF007C366D /* AccountDataTableViewCell.swift in Sources */,
				048E2EDB1CEC734700311D3B /* FinanceTableViewController.swift in Sources */,
				04824E431CBA9DB300B03234 /* ForgetPasswordSetViewController.swift in Sources */,
				048E2ED71CEC646A00311D3B /* InfoTableViewCell.swift in Sources */,
				048E2ED91CEC671D00311D3B /* InfomationTableViewController.swift in Sources */,
				04CCCC5C1CBCC3BE0030D494 /* Http.swift in Sources */,
				048E2ED51CEC643B00311D3B /* InfoList.swift in Sources */,
				04E808691CB8F5CC002DCA34 /* JSONJoy.swift in Sources */,
				04E808621CB8F282002DCA34 /* Httpresult.swift in Sources */,
				04F02C7D1CC23994007C366D /* AccountDataList.swift in Sources */,
				042581F31CE0C20600CA5A0F /* OrderList.swift in Sources */,
				041E834A1CE74CEE00AD7CBA /* AnalysisViewController.swift in Sources */,
				04F02C751CC2055B007C366D /* InformationList.swift in Sources */,
				041B02811CC6109F0050E84C /* ChannelRateTableViewController.swift in Sources */,
				041B02851CC610DD0050E84C /* ChannelRateTableViewCell.swift in Sources */,
				04DC388F1CE46E8F00C78A2C /* ConsignOrderViewController.swift in Sources */,
				0426358E1CC5C09500BB9A44 /* SafeList.swift in Sources */,
				041E834E1CE74D5400AD7CBA /* AnalysisTableViewCell.swift in Sources */,
				04F02C7B1CC23982007C366D /* AccountDataTableViewController.swift in Sources */,
				04E4882D1CC86F0C00D75D66 /* NoticeTableViewCell.swift in Sources */,
				042635921CC5C86B00BB9A44 /* UpdatePasswordViewController.swift in Sources */,
				04827DAE1CB3AC5100E51DEE /* ViewController.swift in Sources */,
				04827DAC1CB3AC5100E51DEE /* AppDelegate.swift in Sources */,
				04F02C731CC204B7007C366D /* InformationTableViewController.swift in Sources */,
				0422BE861CC070CD00684F45 /*  MineList.swift in Sources */,
				041B02871CC62A790050E84C /* AboutTableViewController.swift in Sources */,
				04824E411CBA930B00B03234 /* ForgetPasswordViewController.swift in Sources */,
				04C209151CCB200D006C35A8 /* WebTableViewController.swift in Sources */,
				04C209191CCB2034006C35A8 /* WebTableViewCell.swift in Sources */,
				04C209131CCB1C30006C35A8 /* WebViewController.swift in Sources */,
				0422BE841CC0709700684F45 /* MineTableViewCell.swift in Sources */,
				041B02891CC62A8D0050E84C /* AboutList.swift in Sources */,
				041E834C1CE74D2F00AD7CBA /* AnalysisList.swift in Sources */,
				0426358C1CC5C05C00BB9A44 /* SafeCenterTableViewController.swift in Sources */,
				041B02831CC610BC0050E84C /* RateList.swift in Sources */,
			);
			runOnlyForDeploymentPostprocessing = 0;
		};
/* End PBXSourcesBuildPhase section */

/* Begin PBXVariantGroup section */
		04827DAF1CB3AC5100E51DEE /* Main.storyboard */ = {
			isa = PBXVariantGroup;
			children = (
				04827DB01CB3AC5100E51DEE /* Base */,
			);
			name = Main.storyboard;
			sourceTree = "<group>";
		};
		04827DB41CB3AC5100E51DEE /* LaunchScreen.storyboard */ = {
			isa = PBXVariantGroup;
			children = (
				04827DB51CB3AC5100E51DEE /* Base */,
			);
			name = LaunchScreen.storyboard;
			sourceTree = "<group>";
		};
/* End PBXVariantGroup section */

/* Begin XCBuildConfiguration section */
		04827DB81CB3AC5100E51DEE /* Debug */ = {
			isa = XCBuildConfiguration;
			buildSettings = {
				ALWAYS_SEARCH_USER_PATHS = NO;
				CLANG_CXX_LANGUAGE_STANDARD = "gnu++0x";
				CLANG_CXX_LIBRARY = "libc++";
				CLANG_ENABLE_MODULES = YES;
				CLANG_ENABLE_OBJC_ARC = YES;
				CLANG_WARN_BOOL_CONVERSION = YES;
				CLANG_WARN_CONSTANT_CONVERSION = YES;
				CLANG_WARN_DIRECT_OBJC_ISA_USAGE = YES_ERROR;
				CLANG_WARN_EMPTY_BODY = YES;
				CLANG_WARN_ENUM_CONVERSION = YES;
				CLANG_WARN_INT_CONVERSION = YES;
				CLANG_WARN_OBJC_ROOT_CLASS = YES_ERROR;
				CLANG_WARN_UNREACHABLE_CODE = YES;
				CLANG_WARN__DUPLICATE_METHOD_MATCH = YES;
				"CODE_SIGN_IDENTITY[sdk=iphoneos*]" = "iPhone Developer";
				COPY_PHASE_STRIP = NO;
				DEBUG_INFORMATION_FORMAT = dwarf;
				ENABLE_STRICT_OBJC_MSGSEND = YES;
				ENABLE_TESTABILITY = YES;
				GCC_C_LANGUAGE_STANDARD = gnu99;
				GCC_DYNAMIC_NO_PIC = NO;
				GCC_NO_COMMON_BLOCKS = YES;
				GCC_OPTIMIZATION_LEVEL = 0;
				GCC_PREPROCESSOR_DEFINITIONS = (
					"DEBUG=1",
					"$(inherited)",
				);
				GCC_WARN_64_TO_32_BIT_CONVERSION = YES;
				GCC_WARN_ABOUT_RETURN_TYPE = YES_ERROR;
				GCC_WARN_UNDECLARED_SELECTOR = YES;
				GCC_WARN_UNINITIALIZED_AUTOS = YES_AGGRESSIVE;
				GCC_WARN_UNUSED_FUNCTION = YES;
				GCC_WARN_UNUSED_VARIABLE = YES;
				IPHONEOS_DEPLOYMENT_TARGET = 9.2;
				MTL_ENABLE_DEBUG_INFO = YES;
				ONLY_ACTIVE_ARCH = YES;
				SDKROOT = iphoneos;
				SWIFT_OPTIMIZATION_LEVEL = "-Onone";
			};
			name = Debug;
		};
		04827DB91CB3AC5100E51DEE /* Release */ = {
			isa = XCBuildConfiguration;
			buildSettings = {
				ALWAYS_SEARCH_USER_PATHS = NO;
				CLANG_CXX_LANGUAGE_STANDARD = "gnu++0x";
				CLANG_CXX_LIBRARY = "libc++";
				CLANG_ENABLE_MODULES = YES;
				CLANG_ENABLE_OBJC_ARC = YES;
				CLANG_WARN_BOOL_CONVERSION = YES;
				CLANG_WARN_CONSTANT_CONVERSION = YES;
				CLANG_WARN_DIRECT_OBJC_ISA_USAGE = YES_ERROR;
				CLANG_WARN_EMPTY_BODY = YES;
				CLANG_WARN_ENUM_CONVERSION = YES;
				CLANG_WARN_INT_CONVERSION = YES;
				CLANG_WARN_OBJC_ROOT_CLASS = YES_ERROR;
				CLANG_WARN_UNREACHABLE_CODE = YES;
				CLANG_WARN__DUPLICATE_METHOD_MATCH = YES;
				"CODE_SIGN_IDENTITY[sdk=iphoneos*]" = "iPhone Developer";
				COPY_PHASE_STRIP = NO;
				DEBUG_INFORMATION_FORMAT = "dwarf-with-dsym";
				ENABLE_NS_ASSERTIONS = NO;
				ENABLE_STRICT_OBJC_MSGSEND = YES;
				GCC_C_LANGUAGE_STANDARD = gnu99;
				GCC_NO_COMMON_BLOCKS = YES;
				GCC_WARN_64_TO_32_BIT_CONVERSION = YES;
				GCC_WARN_ABOUT_RETURN_TYPE = YES_ERROR;
				GCC_WARN_UNDECLARED_SELECTOR = YES;
				GCC_WARN_UNINITIALIZED_AUTOS = YES_AGGRESSIVE;
				GCC_WARN_UNUSED_FUNCTION = YES;
				GCC_WARN_UNUSED_VARIABLE = YES;
				IPHONEOS_DEPLOYMENT_TARGET = 9.2;
				MTL_ENABLE_DEBUG_INFO = NO;
				SDKROOT = iphoneos;
				VALIDATE_PRODUCT = YES;
			};
			name = Release;
		};
		04827DBB1CB3AC5100E51DEE /* Debug */ = {
			isa = XCBuildConfiguration;
			baseConfigurationReference = 0E9E9D246DE9DECF55A30513 /* Pods.debug.xcconfig */;
			buildSettings = {
				ASSETCATALOG_COMPILER_APPICON_NAME = AppIcon;
				CLANG_ENABLE_MODULES = YES;
				INFOPLIST_FILE = BuuYou/Info.plist;
				IPHONEOS_DEPLOYMENT_TARGET = 8.0;
				LD_RUNPATH_SEARCH_PATHS = "$(inherited) @executable_path/Frameworks";
				PRODUCT_BUNDLE_IDENTIFIER = xiaocool.cn.BuuYou;
				PRODUCT_NAME = "$(TARGET_NAME)";
				SWIFT_OBJC_BRIDGING_HEADER = "Third Package/BuuYou-Bridging-Header.h";
				SWIFT_OPTIMIZATION_LEVEL = "-Onone";
				TARGETED_DEVICE_FAMILY = 1;
			};
			name = Debug;
		};
		04827DBC1CB3AC5100E51DEE /* Release */ = {
			isa = XCBuildConfiguration;
			baseConfigurationReference = EE9BAE7D39D714B25E9093F2 /* Pods.release.xcconfig */;
			buildSettings = {
				ASSETCATALOG_COMPILER_APPICON_NAME = AppIcon;
				CLANG_ENABLE_MODULES = YES;
				INFOPLIST_FILE = BuuYou/Info.plist;
				IPHONEOS_DEPLOYMENT_TARGET = 8.0;
				LD_RUNPATH_SEARCH_PATHS = "$(inherited) @executable_path/Frameworks";
				PRODUCT_BUNDLE_IDENTIFIER = xiaocool.cn.BuuYou;
				PRODUCT_NAME = "$(TARGET_NAME)";
				SWIFT_OBJC_BRIDGING_HEADER = "Third Package/BuuYou-Bridging-Header.h";
				TARGETED_DEVICE_FAMILY = 1;
			};
			name = Release;
		};
/* End XCBuildConfiguration section */

/* Begin XCConfigurationList section */
		04827DA31CB3AC5000E51DEE /* Build configuration list for PBXProject "BuuYou" */ = {
			isa = XCConfigurationList;
			buildConfigurations = (
				04827DB81CB3AC5100E51DEE /* Debug */,
				04827DB91CB3AC5100E51DEE /* Release */,
			);
			defaultConfigurationIsVisible = 0;
			defaultConfigurationName = Release;
		};
		04827DBA1CB3AC5100E51DEE /* Build configuration list for PBXNativeTarget "BuuYou" */ = {
			isa = XCConfigurationList;
			buildConfigurations = (
				04827DBB1CB3AC5100E51DEE /* Debug */,
				04827DBC1CB3AC5100E51DEE /* Release */,
			);
			defaultConfigurationIsVisible = 0;
			defaultConfigurationName = Release;
		};
/* End XCConfigurationList section */
	};
	rootObject = 04827DA01CB3AC5000E51DEE /* Project object */;
}
