// !$*UTF8*$!
{
	archiveVersion = 1;
	classes = {
	};
	objectVersion = 46;
	objects = {

/* Begin PBXBuildFile section */
		0407B2301CB3B451008EE9F0 /* Readme in Resources */ = {isa = PBXBuildFile; fileRef = 0407B22F1CB3B451008EE9F0 /* Readme */; };
		0407B2741CB3B541008EE9F0 /* Readme in Resources */ = {isa = PBXBuildFile; fileRef = 0407B2731CB3B541008EE9F0 /* Readme */; };
		0407B2761CB3B55D008EE9F0 /* Readme in Resources */ = {isa = PBXBuildFile; fileRef = 0407B2751CB3B55D008EE9F0 /* Readme */; };
		0407B2781CB3B574008EE9F0 /* Readme in Resources */ = {isa = PBXBuildFile; fileRef = 0407B2771CB3B574008EE9F0 /* Readme */; };
		0407B27A1CB3B592008EE9F0 /* Readme in Resources */ = {isa = PBXBuildFile; fileRef = 0407B2791CB3B592008EE9F0 /* Readme */; };
		0407B27C1CB3B59D008EE9F0 /* Readme in Resources */ = {isa = PBXBuildFile; fileRef = 0407B27B1CB3B59D008EE9F0 /* Readme */; };
		0407B27E1CB3B5A6008EE9F0 /* Readme in Resources */ = {isa = PBXBuildFile; fileRef = 0407B27D1CB3B5A6008EE9F0 /* Readme */; };
		0407B2801CB3B5B5008EE9F0 /* Readme in Resources */ = {isa = PBXBuildFile; fileRef = 0407B27F1CB3B5B5008EE9F0 /* Readme */; };
		0407B2821CB3B5C7008EE9F0 /* Readme in Resources */ = {isa = PBXBuildFile; fileRef = 0407B2811CB3B5C7008EE9F0 /* Readme */; };
		0407B2841CB3B5D2008EE9F0 /* Readme in Resources */ = {isa = PBXBuildFile; fileRef = 0407B2831CB3B5D2008EE9F0 /* Readme */; };
		0407B2861CB3B5E1008EE9F0 /* Readme in Resources */ = {isa = PBXBuildFile; fileRef = 0407B2851CB3B5E1008EE9F0 /* Readme */; };
		0407B2881CB3B5ED008EE9F0 /* Readme in Resources */ = {isa = PBXBuildFile; fileRef = 0407B2871CB3B5ED008EE9F0 /* Readme */; };
		0407B28A1CB3B5F9008EE9F0 /* Readme in Resources */ = {isa = PBXBuildFile; fileRef = 0407B2891CB3B5F9008EE9F0 /* Readme */; };
		0407B28C1CB3B606008EE9F0 /* Readme in Resources */ = {isa = PBXBuildFile; fileRef = 0407B28B1CB3B606008EE9F0 /* Readme */; };
		0407B28E1CB3B612008EE9F0 /* Readme in Resources */ = {isa = PBXBuildFile; fileRef = 0407B28D1CB3B612008EE9F0 /* Readme */; };
		0407B2901CB3B61D008EE9F0 /* Readme in Resources */ = {isa = PBXBuildFile; fileRef = 0407B28F1CB3B61D008EE9F0 /* Readme */; };
		0407B2921CB3B628008EE9F0 /* Readme in Resources */ = {isa = PBXBuildFile; fileRef = 0407B2911CB3B628008EE9F0 /* Readme */; };
		0407B2941CB3B635008EE9F0 /* Readme in Resources */ = {isa = PBXBuildFile; fileRef = 0407B2931CB3B635008EE9F0 /* Readme */; };
		0407B2961CB3B642008EE9F0 /* Readme in Resources */ = {isa = PBXBuildFile; fileRef = 0407B2951CB3B642008EE9F0 /* Readme */; };
		0407B2981CB3B64D008EE9F0 /* Readme in Resources */ = {isa = PBXBuildFile; fileRef = 0407B2971CB3B64D008EE9F0 /* Readme */; };
		0407B29A1CB3B657008EE9F0 /* Readme in Resources */ = {isa = PBXBuildFile; fileRef = 0407B2991CB3B657008EE9F0 /* Readme */; };
		04827DAC1CB3AC5100E51DEE /* AppDelegate.swift in Sources */ = {isa = PBXBuildFile; fileRef = 04827DAB1CB3AC5100E51DEE /* AppDelegate.swift */; };
		04827DAE1CB3AC5100E51DEE /* ViewController.swift in Sources */ = {isa = PBXBuildFile; fileRef = 04827DAD1CB3AC5100E51DEE /* ViewController.swift */; };
		04827DB11CB3AC5100E51DEE /* Main.storyboard in Resources */ = {isa = PBXBuildFile; fileRef = 04827DAF1CB3AC5100E51DEE /* Main.storyboard */; };
		04827DB31CB3AC5100E51DEE /* Assets.xcassets in Resources */ = {isa = PBXBuildFile; fileRef = 04827DB21CB3AC5100E51DEE /* Assets.xcassets */; };
		04827DB61CB3AC5100E51DEE /* LaunchScreen.storyboard in Resources */ = {isa = PBXBuildFile; fileRef = 04827DB41CB3AC5100E51DEE /* LaunchScreen.storyboard */; };
		04827DF31CB3B22C00E51DEE /* TableViewCell.swift in Sources */ = {isa = PBXBuildFile; fileRef = 04827DF21CB3B22C00E51DEE /* TableViewCell.swift */; };
		04FDA7AD1CB5F4910053F5B3 /* Readme in Resources */ = {isa = PBXBuildFile; fileRef = 04FDA7AC1CB5F4900053F5B3 /* Readme */; };
		04FDA7AF1CB5F4AA0053F5B3 /* Readme in Resources */ = {isa = PBXBuildFile; fileRef = 04FDA7AE1CB5F4AA0053F5B3 /* Readme */; };
/* End PBXBuildFile section */

/* Begin PBXFileReference section */
		0407B22F1CB3B451008EE9F0 /* Readme */ = {isa = PBXFileReference; fileEncoding = 4; lastKnownFileType = text; path = Readme; sourceTree = "<group>"; };
		0407B2731CB3B541008EE9F0 /* Readme */ = {isa = PBXFileReference; fileEncoding = 4; lastKnownFileType = text; path = Readme; sourceTree = "<group>"; };
		0407B2751CB3B55D008EE9F0 /* Readme */ = {isa = PBXFileReference; fileEncoding = 4; lastKnownFileType = text; path = Readme; sourceTree = "<group>"; };
		0407B2771CB3B574008EE9F0 /* Readme */ = {isa = PBXFileReference; fileEncoding = 4; lastKnownFileType = text; path = Readme; sourceTree = "<group>"; };
		0407B2791CB3B592008EE9F0 /* Readme */ = {isa = PBXFileReference; fileEncoding = 4; lastKnownFileType = text; path = Readme; sourceTree = "<group>"; };
		0407B27B1CB3B59D008EE9F0 /* Readme */ = {isa = PBXFileReference; fileEncoding = 4; lastKnownFileType = text; path = Readme; sourceTree = "<group>"; };
		0407B27D1CB3B5A6008EE9F0 /* Readme */ = {isa = PBXFileReference; fileEncoding = 4; lastKnownFileType = text; path = Readme; sourceTree = "<group>"; };
		0407B27F1CB3B5B5008EE9F0 /* Readme */ = {isa = PBXFileReference; fileEncoding = 4; lastKnownFileType = text; path = Readme; sourceTree = "<group>"; };
		0407B2811CB3B5C7008EE9F0 /* Readme */ = {isa = PBXFileReference; fileEncoding = 4; lastKnownFileType = text; path = Readme; sourceTree = "<group>"; };
		0407B2831CB3B5D2008EE9F0 /* Readme */ = {isa = PBXFileReference; fileEncoding = 4; lastKnownFileType = text; path = Readme; sourceTree = "<group>"; };
		0407B2851CB3B5E1008EE9F0 /* Readme */ = {isa = PBXFileReference; fileEncoding = 4; lastKnownFileType = text; path = Readme; sourceTree = "<group>"; };
		0407B2871CB3B5ED008EE9F0 /* Readme */ = {isa = PBXFileReference; fileEncoding = 4; lastKnownFileType = text; path = Readme; sourceTree = "<group>"; };
		0407B2891CB3B5F9008EE9F0 /* Readme */ = {isa = PBXFileReference; fileEncoding = 4; lastKnownFileType = text; path = Readme; sourceTree = "<group>"; };
		0407B28B1CB3B606008EE9F0 /* Readme */ = {isa = PBXFileReference; fileEncoding = 4; lastKnownFileType = text; path = Readme; sourceTree = "<group>"; };
		0407B28D1CB3B612008EE9F0 /* Readme */ = {isa = PBXFileReference; fileEncoding = 4; lastKnownFileType = text; path = Readme; sourceTree = "<group>"; };
		0407B28F1CB3B61D008EE9F0 /* Readme */ = {isa = PBXFileReference; fileEncoding = 4; lastKnownFileType = text; path = Readme; sourceTree = "<group>"; };
		0407B2911CB3B628008EE9F0 /* Readme */ = {isa = PBXFileReference; fileEncoding = 4; lastKnownFileType = text; path = Readme; sourceTree = "<group>"; };
		0407B2931CB3B635008EE9F0 /* Readme */ = {isa = PBXFileReference; fileEncoding = 4; lastKnownFileType = text; path = Readme; sourceTree = "<group>"; };
		0407B2951CB3B642008EE9F0 /* Readme */ = {isa = PBXFileReference; fileEncoding = 4; lastKnownFileType = text; path = Readme; sourceTree = "<group>"; };
		0407B2971CB3B64D008EE9F0 /* Readme */ = {isa = PBXFileReference; fileEncoding = 4; lastKnownFileType = text; path = Readme; sourceTree = "<group>"; };
		0407B2991CB3B657008EE9F0 /* Readme */ = {isa = PBXFileReference; fileEncoding = 4; lastKnownFileType = text; path = Readme; sourceTree = "<group>"; };
		04827DA81CB3AC5000E51DEE /* BuuYou.app */ = {isa = PBXFileReference; explicitFileType = wrapper.application; includeInIndex = 0; path = BuuYou.app; sourceTree = BUILT_PRODUCTS_DIR; };
		04827DAB1CB3AC5100E51DEE /* AppDelegate.swift */ = {isa = PBXFileReference; lastKnownFileType = sourcecode.swift; path = AppDelegate.swift; sourceTree = "<group>"; };
		04827DAD1CB3AC5100E51DEE /* ViewController.swift */ = {isa = PBXFileReference; lastKnownFileType = sourcecode.swift; path = ViewController.swift; sourceTree = "<group>"; };
		04827DB01CB3AC5100E51DEE /* Base */ = {isa = PBXFileReference; lastKnownFileType = file.storyboard; name = Base; path = Base.lproj/Main.storyboard; sourceTree = "<group>"; };
		04827DB21CB3AC5100E51DEE /* Assets.xcassets */ = {isa = PBXFileReference; lastKnownFileType = folder.assetcatalog; path = Assets.xcassets; sourceTree = "<group>"; };
		04827DB51CB3AC5100E51DEE /* Base */ = {isa = PBXFileReference; lastKnownFileType = file.storyboard; name = Base; path = Base.lproj/LaunchScreen.storyboard; sourceTree = "<group>"; };
		04827DB71CB3AC5100E51DEE /* Info.plist */ = {isa = PBXFileReference; lastKnownFileType = text.plist.xml; path = Info.plist; sourceTree = "<group>"; };
		04827DF21CB3B22C00E51DEE /* TableViewCell.swift */ = {isa = PBXFileReference; fileEncoding = 4; lastKnownFileType = sourcecode.swift; path = TableViewCell.swift; sourceTree = "<group>"; };
		04FDA7AC1CB5F4900053F5B3 /* Readme */ = {isa = PBXFileReference; fileEncoding = 4; lastKnownFileType = text; path = Readme; sourceTree = "<group>"; };
		04FDA7AE1CB5F4AA0053F5B3 /* Readme */ = {isa = PBXFileReference; fileEncoding = 4; lastKnownFileType = text; path = Readme; sourceTree = "<group>"; };
/* End PBXFileReference section */

/* Begin PBXFrameworksBuildPhase section */
		04827DA51CB3AC5000E51DEE /* Frameworks */ = {
			isa = PBXFrameworksBuildPhase;
			buildActionMask = 2147483647;
			files = (
			);
			runOnlyForDeploymentPostprocessing = 0;
		};
/* End PBXFrameworksBuildPhase section */

/* Begin PBXGroup section */
		0407B2461CB3B4C3008EE9F0 /* Index */ = {
			isa = PBXGroup;
			children = (
				0407B2471CB3B4C3008EE9F0 /* Controller */,
				0407B2491CB3B4C3008EE9F0 /* Model */,
				0407B24B1CB3B4C3008EE9F0 /* View */,
			);
			path = Index;
			sourceTree = "<group>";
		};
		0407B2471CB3B4C3008EE9F0 /* Controller */ = {
			isa = PBXGroup;
			children = (
				0407B28B1CB3B606008EE9F0 /* Readme */,
			);
			path = Controller;
			sourceTree = "<group>";
		};
		0407B2491CB3B4C3008EE9F0 /* Model */ = {
			isa = PBXGroup;
			children = (
				0407B28D1CB3B612008EE9F0 /* Readme */,
			);
			path = Model;
			sourceTree = "<group>";
		};
		0407B24B1CB3B4C3008EE9F0 /* View */ = {
			isa = PBXGroup;
			children = (
				0407B28F1CB3B61D008EE9F0 /* Readme */,
			);
			path = View;
			sourceTree = "<group>";
		};
		0407B2501CB3B4CB008EE9F0 /* Account */ = {
			isa = PBXGroup;
			children = (
				0407B2511CB3B4CB008EE9F0 /* Controller */,
				0407B2521CB3B4CB008EE9F0 /* Model */,
				0407B2531CB3B4CB008EE9F0 /* View */,
			);
			path = Account;
			sourceTree = "<group>";
		};
		0407B2511CB3B4CB008EE9F0 /* Controller */ = {
			isa = PBXGroup;
			children = (
				0407B2851CB3B5E1008EE9F0 /* Readme */,
			);
			path = Controller;
			sourceTree = "<group>";
		};
		0407B2521CB3B4CB008EE9F0 /* Model */ = {
			isa = PBXGroup;
			children = (
				0407B2871CB3B5ED008EE9F0 /* Readme */,
			);
			path = Model;
			sourceTree = "<group>";
		};
		0407B2531CB3B4CB008EE9F0 /* View */ = {
			isa = PBXGroup;
			children = (
				0407B2891CB3B5F9008EE9F0 /* Readme */,
			);
			path = View;
			sourceTree = "<group>";
		};
		0407B2541CB3B4D0008EE9F0 /* Bills */ = {
			isa = PBXGroup;
			children = (
				0407B2551CB3B4D0008EE9F0 /* Controller */,
				0407B2571CB3B4D0008EE9F0 /* Model */,
				0407B2591CB3B4D0008EE9F0 /* View */,
			);
			path = Bills;
			sourceTree = "<group>";
		};
		0407B2551CB3B4D0008EE9F0 /* Controller */ = {
			isa = PBXGroup;
			children = (
				0407B27F1CB3B5B5008EE9F0 /* Readme */,
			);
			path = Controller;
			sourceTree = "<group>";
		};
		0407B2571CB3B4D0008EE9F0 /* Model */ = {
			isa = PBXGroup;
			children = (
				0407B2811CB3B5C7008EE9F0 /* Readme */,
			);
			path = Model;
			sourceTree = "<group>";
		};
		0407B2591CB3B4D0008EE9F0 /* View */ = {
			isa = PBXGroup;
			children = (
				0407B2831CB3B5D2008EE9F0 /* Readme */,
			);
			path = View;
			sourceTree = "<group>";
		};
		0407B25E1CB3B4EA008EE9F0 /* Login and ForgetPassword */ = {
			isa = PBXGroup;
			children = (
				0407B25F1CB3B4EA008EE9F0 /* ForgetPassword */,
				0407B2661CB3B4EA008EE9F0 /* Login */,
			);
			path = "Login and ForgetPassword";
			sourceTree = "<group>";
		};
		0407B25F1CB3B4EA008EE9F0 /* ForgetPassword */ = {
			isa = PBXGroup;
			children = (
				0407B2601CB3B4EA008EE9F0 /* Controller */,
				0407B2621CB3B4EA008EE9F0 /* Model */,
				0407B2641CB3B4EA008EE9F0 /* View */,
			);
			path = ForgetPassword;
			sourceTree = "<group>";
		};
		0407B2601CB3B4EA008EE9F0 /* Controller */ = {
			isa = PBXGroup;
			children = (
				0407B2731CB3B541008EE9F0 /* Readme */,
			);
			path = Controller;
			sourceTree = "<group>";
		};
		0407B2621CB3B4EA008EE9F0 /* Model */ = {
			isa = PBXGroup;
			children = (
				0407B2751CB3B55D008EE9F0 /* Readme */,
			);
			path = Model;
			sourceTree = "<group>";
		};
		0407B2641CB3B4EA008EE9F0 /* View */ = {
			isa = PBXGroup;
			children = (
				0407B2771CB3B574008EE9F0 /* Readme */,
			);
			path = View;
			sourceTree = "<group>";
		};
		0407B2661CB3B4EA008EE9F0 /* Login */ = {
			isa = PBXGroup;
			children = (
				0407B2671CB3B4EA008EE9F0 /* Controller */,
				0407B2691CB3B4EA008EE9F0 /* Model */,
				0407B26B1CB3B4EA008EE9F0 /* View */,
			);
			path = Login;
			sourceTree = "<group>";
		};
		0407B2671CB3B4EA008EE9F0 /* Controller */ = {
			isa = PBXGroup;
			children = (
				0407B2791CB3B592008EE9F0 /* Readme */,
			);
			path = Controller;
			sourceTree = "<group>";
		};
		0407B2691CB3B4EA008EE9F0 /* Model */ = {
			isa = PBXGroup;
			children = (
				0407B27B1CB3B59D008EE9F0 /* Readme */,
			);
			path = Model;
			sourceTree = "<group>";
		};
		0407B26B1CB3B4EA008EE9F0 /* View */ = {
			isa = PBXGroup;
			children = (
				0407B27D1CB3B5A6008EE9F0 /* Readme */,
			);
			path = View;
			sourceTree = "<group>";
		};
		04827D9F1CB3AC5000E51DEE = {
			isa = PBXGroup;
			children = (
				04FDA7AB1CB5F4760053F5B3 /* Tool */,
				0407B25E1CB3B4EA008EE9F0 /* Login and ForgetPassword */,
				0407B2541CB3B4D0008EE9F0 /* Bills */,
				0407B2501CB3B4CB008EE9F0 /* Account */,
				0407B2461CB3B4C3008EE9F0 /* Index */,
				04827DE81CB3B20D00E51DEE /* News */,
				04827DDE1CB3B20300E51DEE /* Mine */,
				04827DAA1CB3AC5000E51DEE /* BuuYou */,
				04827DA91CB3AC5000E51DEE /* Products */,
				04FDA7A81CB5F44E0053F5B3 /* Third Package */,
			);
			sourceTree = "<group>";
		};
		04827DA91CB3AC5000E51DEE /* Products */ = {
			isa = PBXGroup;
			children = (
				04827DA81CB3AC5000E51DEE /* BuuYou.app */,
			);
			name = Products;
			sourceTree = "<group>";
		};
		04827DAA1CB3AC5000E51DEE /* BuuYou */ = {
			isa = PBXGroup;
			children = (
				04827DAB1CB3AC5100E51DEE /* AppDelegate.swift */,
				04827DAD1CB3AC5100E51DEE /* ViewController.swift */,
				04827DAF1CB3AC5100E51DEE /* Main.storyboard */,
				04827DB21CB3AC5100E51DEE /* Assets.xcassets */,
				04827DB41CB3AC5100E51DEE /* LaunchScreen.storyboard */,
				04827DB71CB3AC5100E51DEE /* Info.plist */,
			);
			path = BuuYou;
			sourceTree = "<group>";
		};
		04827DDE1CB3B20300E51DEE /* Mine */ = {
			isa = PBXGroup;
			children = (
				04827DDF1CB3B20300E51DEE /* Controller */,
				04827DE11CB3B20300E51DEE /* Model */,
				04827DE31CB3B20300E51DEE /* View */,
			);
			path = Mine;
			sourceTree = "<group>";
		};
		04827DDF1CB3B20300E51DEE /* Controller */ = {
			isa = PBXGroup;
			children = (
				04827DF21CB3B22C00E51DEE /* TableViewCell.swift */,
				0407B2951CB3B642008EE9F0 /* Readme */,
			);
			path = Controller;
			sourceTree = "<group>";
		};
		04827DE11CB3B20300E51DEE /* Model */ = {
			isa = PBXGroup;
			children = (
				0407B2971CB3B64D008EE9F0 /* Readme */,
			);
			path = Model;
			sourceTree = "<group>";
		};
		04827DE31CB3B20300E51DEE /* View */ = {
			isa = PBXGroup;
			children = (
				0407B2991CB3B657008EE9F0 /* Readme */,
			);
			path = View;
			sourceTree = "<group>";
		};
		04827DE81CB3B20D00E51DEE /* News */ = {
			isa = PBXGroup;
			children = (
				04827DE91CB3B20D00E51DEE /* Controller */,
				04827DEB1CB3B20D00E51DEE /* Model */,
				04827DED1CB3B20D00E51DEE /* View */,
			);
			path = News;
			sourceTree = "<group>";
		};
		04827DE91CB3B20D00E51DEE /* Controller */ = {
			isa = PBXGroup;
			children = (
				0407B22F1CB3B451008EE9F0 /* Readme */,
			);
			path = Controller;
			sourceTree = "<group>";
		};
		04827DEB1CB3B20D00E51DEE /* Model */ = {
			isa = PBXGroup;
			children = (
				0407B2911CB3B628008EE9F0 /* Readme */,
			);
			path = Model;
			sourceTree = "<group>";
		};
		04827DED1CB3B20D00E51DEE /* View */ = {
			isa = PBXGroup;
			children = (
				0407B2931CB3B635008EE9F0 /* Readme */,
			);
			path = View;
			sourceTree = "<group>";
		};
		04FDA7A81CB5F44E0053F5B3 /* Third Package */ = {
			isa = PBXGroup;
			children = (
				04FDA7AC1CB5F4900053F5B3 /* Readme */,
			);
			path = "Third Package";
			sourceTree = "<group>";
		};
		04FDA7AB1CB5F4760053F5B3 /* Tool */ = {
			isa = PBXGroup;
			children = (
				04FDA7AE1CB5F4AA0053F5B3 /* Readme */,
			);
			path = Tool;
			sourceTree = "<group>";
		};
/* End PBXGroup section */

/* Begin PBXNativeTarget section */
		04827DA71CB3AC5000E51DEE /* BuuYou */ = {
			isa = PBXNativeTarget;
			buildConfigurationList = 04827DBA1CB3AC5100E51DEE /* Build configuration list for PBXNativeTarget "BuuYou" */;
			buildPhases = (
				04827DA41CB3AC5000E51DEE /* Sources */,
				04827DA51CB3AC5000E51DEE /* Frameworks */,
				04827DA61CB3AC5000E51DEE /* Resources */,
			);
			buildRules = (
			);
			dependencies = (
			);
			name = BuuYou;
			productName = BuuYou;
			productReference = 04827DA81CB3AC5000E51DEE /* BuuYou.app */;
			productType = "com.apple.product-type.application";
		};
/* End PBXNativeTarget section */

/* Begin PBXProject section */
		04827DA01CB3AC5000E51DEE /* Project object */ = {
			isa = PBXProject;
			attributes = {
				LastSwiftUpdateCheck = 0720;
				LastUpgradeCheck = 0720;
				ORGANIZATIONNAME = "北京校酷网络科技有限公司";
				TargetAttributes = {
					04827DA71CB3AC5000E51DEE = {
						CreatedOnToolsVersion = 7.2;
					};
				};
			};
			buildConfigurationList = 04827DA31CB3AC5000E51DEE /* Build configuration list for PBXProject "BuuYou" */;
			compatibilityVersion = "Xcode 3.2";
			developmentRegion = English;
			hasScannedForEncodings = 0;
			knownRegions = (
				en,
				Base,
			);
			mainGroup = 04827D9F1CB3AC5000E51DEE;
			productRefGroup = 04827DA91CB3AC5000E51DEE /* Products */;
			projectDirPath = "";
			projectRoot = "";
			targets = (
				04827DA71CB3AC5000E51DEE /* BuuYou */,
			);
		};
/* End PBXProject section */

/* Begin PBXResourcesBuildPhase section */
		04827DA61CB3AC5000E51DEE /* Resources */ = {
			isa = PBXResourcesBuildPhase;
			buildActionMask = 2147483647;
			files = (
				04FDA7AF1CB5F4AA0053F5B3 /* Readme in Resources */,
				04FDA7AD1CB5F4910053F5B3 /* Readme in Resources */,
				0407B2921CB3B628008EE9F0 /* Readme in Resources */,
				0407B2841CB3B5D2008EE9F0 /* Readme in Resources */,
				0407B27E1CB3B5A6008EE9F0 /* Readme in Resources */,
				0407B2981CB3B64D008EE9F0 /* Readme in Resources */,
				0407B29A1CB3B657008EE9F0 /* Readme in Resources */,
				0407B2801CB3B5B5008EE9F0 /* Readme in Resources */,
				0407B2741CB3B541008EE9F0 /* Readme in Resources */,
				0407B28A1CB3B5F9008EE9F0 /* Readme in Resources */,
				04827DB61CB3AC5100E51DEE /* LaunchScreen.storyboard in Resources */,
				0407B2821CB3B5C7008EE9F0 /* Readme in Resources */,
				0407B28C1CB3B606008EE9F0 /* Readme in Resources */,
				0407B2301CB3B451008EE9F0 /* Readme in Resources */,
				0407B2941CB3B635008EE9F0 /* Readme in Resources */,
				0407B2781CB3B574008EE9F0 /* Readme in Resources */,
				0407B2961CB3B642008EE9F0 /* Readme in Resources */,
				0407B27A1CB3B592008EE9F0 /* Readme in Resources */,
				04827DB31CB3AC5100E51DEE /* Assets.xcassets in Resources */,
				0407B2881CB3B5ED008EE9F0 /* Readme in Resources */,
				0407B2861CB3B5E1008EE9F0 /* Readme in Resources */,
				0407B2761CB3B55D008EE9F0 /* Readme in Resources */,
				0407B27C1CB3B59D008EE9F0 /* Readme in Resources */,
				0407B2901CB3B61D008EE9F0 /* Readme in Resources */,
				0407B28E1CB3B612008EE9F0 /* Readme in Resources */,
				04827DB11CB3AC5100E51DEE /* Main.storyboard in Resources */,
			);
			runOnlyForDeploymentPostprocessing = 0;
		};
/* End PBXResourcesBuildPhase section */

/* Begin PBXSourcesBuildPhase section */
		04827DA41CB3AC5000E51DEE /* Sources */ = {
			isa = PBXSourcesBuildPhase;
			buildActionMask = 2147483647;
			files = (
				04827DF31CB3B22C00E51DEE /* TableViewCell.swift in Sources */,
				04827DAE1CB3AC5100E51DEE /* ViewController.swift in Sources */,
				04827DAC1CB3AC5100E51DEE /* AppDelegate.swift in Sources */,
			);
			runOnlyForDeploymentPostprocessing = 0;
		};
/* End PBXSourcesBuildPhase section */

/* Begin PBXVariantGroup section */
		04827DAF1CB3AC5100E51DEE /* Main.storyboard */ = {
			isa = PBXVariantGroup;
			children = (
				04827DB01CB3AC5100E51DEE /* Base */,
			);
			name = Main.storyboard;
			sourceTree = "<group>";
		};
		04827DB41CB3AC5100E51DEE /* LaunchScreen.storyboard */ = {
			isa = PBXVariantGroup;
			children = (
				04827DB51CB3AC5100E51DEE /* Base */,
			);
			name = LaunchScreen.storyboard;
			sourceTree = "<group>";
		};
/* End PBXVariantGroup section */

/* Begin XCBuildConfiguration section */
		04827DB81CB3AC5100E51DEE /* Debug */ = {
			isa = XCBuildConfiguration;
			buildSettings = {
				ALWAYS_SEARCH_USER_PATHS = NO;
				CLANG_CXX_LANGUAGE_STANDARD = "gnu++0x";
				CLANG_CXX_LIBRARY = "libc++";
				CLANG_ENABLE_MODULES = YES;
				CLANG_ENABLE_OBJC_ARC = YES;
				CLANG_WARN_BOOL_CONVERSION = YES;
				CLANG_WARN_CONSTANT_CONVERSION = YES;
				CLANG_WARN_DIRECT_OBJC_ISA_USAGE = YES_ERROR;
				CLANG_WARN_EMPTY_BODY = YES;
				CLANG_WARN_ENUM_CONVERSION = YES;
				CLANG_WARN_INT_CONVERSION = YES;
				CLANG_WARN_OBJC_ROOT_CLASS = YES_ERROR;
				CLANG_WARN_UNREACHABLE_CODE = YES;
				CLANG_WARN__DUPLICATE_METHOD_MATCH = YES;
				"CODE_SIGN_IDENTITY[sdk=iphoneos*]" = "iPhone Developer";
				COPY_PHASE_STRIP = NO;
				DEBUG_INFORMATION_FORMAT = dwarf;
				ENABLE_STRICT_OBJC_MSGSEND = YES;
				ENABLE_TESTABILITY = YES;
				GCC_C_LANGUAGE_STANDARD = gnu99;
				GCC_DYNAMIC_NO_PIC = NO;
				GCC_NO_COMMON_BLOCKS = YES;
				GCC_OPTIMIZATION_LEVEL = 0;
				GCC_PREPROCESSOR_DEFINITIONS = (
					"DEBUG=1",
					"$(inherited)",
				);
				GCC_WARN_64_TO_32_BIT_CONVERSION = YES;
				GCC_WARN_ABOUT_RETURN_TYPE = YES_ERROR;
				GCC_WARN_UNDECLARED_SELECTOR = YES;
				GCC_WARN_UNINITIALIZED_AUTOS = YES_AGGRESSIVE;
				GCC_WARN_UNUSED_FUNCTION = YES;
				GCC_WARN_UNUSED_VARIABLE = YES;
				IPHONEOS_DEPLOYMENT_TARGET = 9.2;
				MTL_ENABLE_DEBUG_INFO = YES;
				ONLY_ACTIVE_ARCH = YES;
				SDKROOT = iphoneos;
				SWIFT_OPTIMIZATION_LEVEL = "-Onone";
			};
			name = Debug;
		};
		04827DB91CB3AC5100E51DEE /* Release */ = {
			isa = XCBuildConfiguration;
			buildSettings = {
				ALWAYS_SEARCH_USER_PATHS = NO;
				CLANG_CXX_LANGUAGE_STANDARD = "gnu++0x";
				CLANG_CXX_LIBRARY = "libc++";
				CLANG_ENABLE_MODULES = YES;
				CLANG_ENABLE_OBJC_ARC = YES;
				CLANG_WARN_BOOL_CONVERSION = YES;
				CLANG_WARN_CONSTANT_CONVERSION = YES;
				CLANG_WARN_DIRECT_OBJC_ISA_USAGE = YES_ERROR;
				CLANG_WARN_EMPTY_BODY = YES;
				CLANG_WARN_ENUM_CONVERSION = YES;
				CLANG_WARN_INT_CONVERSION = YES;
				CLANG_WARN_OBJC_ROOT_CLASS = YES_ERROR;
				CLANG_WARN_UNREACHABLE_CODE = YES;
				CLANG_WARN__DUPLICATE_METHOD_MATCH = YES;
				"CODE_SIGN_IDENTITY[sdk=iphoneos*]" = "iPhone Developer";
				COPY_PHASE_STRIP = NO;
				DEBUG_INFORMATION_FORMAT = "dwarf-with-dsym";
				ENABLE_NS_ASSERTIONS = NO;
				ENABLE_STRICT_OBJC_MSGSEND = YES;
				GCC_C_LANGUAGE_STANDARD = gnu99;
				GCC_NO_COMMON_BLOCKS = YES;
				GCC_WARN_64_TO_32_BIT_CONVERSION = YES;
				GCC_WARN_ABOUT_RETURN_TYPE = YES_ERROR;
				GCC_WARN_UNDECLARED_SELECTOR = YES;
				GCC_WARN_UNINITIALIZED_AUTOS = YES_AGGRESSIVE;
				GCC_WARN_UNUSED_FUNCTION = YES;
				GCC_WARN_UNUSED_VARIABLE = YES;
				IPHONEOS_DEPLOYMENT_TARGET = 9.2;
				MTL_ENABLE_DEBUG_INFO = NO;
				SDKROOT = iphoneos;
				VALIDATE_PRODUCT = YES;
			};
			name = Release;
		};
		04827DBB1CB3AC5100E51DEE /* Debug */ = {
			isa = XCBuildConfiguration;
			buildSettings = {
				ASSETCATALOG_COMPILER_APPICON_NAME = AppIcon;
				INFOPLIST_FILE = BuuYou/Info.plist;
				LD_RUNPATH_SEARCH_PATHS = "$(inherited) @executable_path/Frameworks";
				PRODUCT_BUNDLE_IDENTIFIER = xiaocool.cn.BuuYou;
				PRODUCT_NAME = "$(TARGET_NAME)";
			};
			name = Debug;
		};
		04827DBC1CB3AC5100E51DEE /* Release */ = {
			isa = XCBuildConfiguration;
			buildSettings = {
				ASSETCATALOG_COMPILER_APPICON_NAME = AppIcon;
				INFOPLIST_FILE = BuuYou/Info.plist;
				LD_RUNPATH_SEARCH_PATHS = "$(inherited) @executable_path/Frameworks";
				PRODUCT_BUNDLE_IDENTIFIER = xiaocool.cn.BuuYou;
				PRODUCT_NAME = "$(TARGET_NAME)";
			};
			name = Release;
		};
/* End XCBuildConfiguration section */

/* Begin XCConfigurationList section */
		04827DA31CB3AC5000E51DEE /* Build configuration list for PBXProject "BuuYou" */ = {
			isa = XCConfigurationList;
			buildConfigurations = (
				04827DB81CB3AC5100E51DEE /* Debug */,
				04827DB91CB3AC5100E51DEE /* Release */,
			);
			defaultConfigurationIsVisible = 0;
			defaultConfigurationName = Release;
		};
		04827DBA1CB3AC5100E51DEE /* Build configuration list for PBXNativeTarget "BuuYou" */ = {
			isa = XCConfigurationList;
			buildConfigurations = (
				04827DBB1CB3AC5100E51DEE /* Debug */,
				04827DBC1CB3AC5100E51DEE /* Release */,
			);
			defaultConfigurationIsVisible = 0;
			defaultConfigurationName = Release;
		};
/* End XCConfigurationList section */
	};
	rootObject = 04827DA01CB3AC5000E51DEE /* Project object */;
}
